// !$*UTF8*$!
{
	archiveVersion = 1;
	classes = {
	};
	objectVersion = 46;
	objects = {

/* Begin PBXBuildFile section */
		1500ABCB1B9ABAD200E0AF6C /* BWAnalyticsViewController.m in Sources */ = {isa = PBXBuildFile; fileRef = 1500ABC61B9ABAD200E0AF6C /* BWAnalyticsViewController.m */; };
		1500ABCC1B9ABAD200E0AF6C /* BWBinLocatorViewController.m in Sources */ = {isa = PBXBuildFile; fileRef = 1500ABC81B9ABAD200E0AF6C /* BWBinLocatorViewController.m */; };
		1500ABCD1B9ABAD200E0AF6C /* BWFillLevelsViewController.m in Sources */ = {isa = PBXBuildFile; fileRef = 1500ABCA1B9ABAD200E0AF6C /* BWFillLevelsViewController.m */; };
		1500ABD91B9C01AE00E0AF6C /* CoreData.framework in Frameworks */ = {isa = PBXBuildFile; fileRef = 1500ABD81B9C01AE00E0AF6C /* CoreData.framework */; };
		1500ABE91B9C080500E0AF6C /* BWDataHandler.m in Sources */ = {isa = PBXBuildFile; fileRef = 1500ABE21B9C080500E0AF6C /* BWDataHandler.m */; };
		1500ABEA1B9C080500E0AF6C /* BWDataHandler.m in Sources */ = {isa = PBXBuildFile; fileRef = 1500ABE21B9C080500E0AF6C /* BWDataHandler.m */; };
		1500ABEB1B9C080500E0AF6C /* BinWatch.xcdatamodeld in Sources */ = {isa = PBXBuildFile; fileRef = 1500ABE41B9C080500E0AF6C /* BinWatch.xcdatamodeld */; };
		1500ABEC1B9C080500E0AF6C /* BinWatch.xcdatamodeld in Sources */ = {isa = PBXBuildFile; fileRef = 1500ABE41B9C080500E0AF6C /* BinWatch.xcdatamodeld */; };
		1500ABF21B9C080D00E0AF6C /* BWConnectionHandler.m in Sources */ = {isa = PBXBuildFile; fileRef = 1500ABF11B9C080D00E0AF6C /* BWConnectionHandler.m */; };
		1500ABF31B9C080D00E0AF6C /* BWConnectionHandler.m in Sources */ = {isa = PBXBuildFile; fileRef = 1500ABF11B9C080D00E0AF6C /* BWConnectionHandler.m */; };
		1500ABFF1B9C10CF00E0AF6C /* Bin.m in Sources */ = {isa = PBXBuildFile; fileRef = 1500ABFE1B9C10CF00E0AF6C /* Bin.m */; };
		1500AC001B9C10CF00E0AF6C /* Bin.m in Sources */ = {isa = PBXBuildFile; fileRef = 1500ABFE1B9C10CF00E0AF6C /* Bin.m */; };
		151874A21BCC19720076BD21 /* UIColor+HexColor.m in Sources */ = {isa = PBXBuildFile; fileRef = 1518749D1BCC19720076BD21 /* UIColor+HexColor.m */; };
		151874A31BCC19720076BD21 /* VBPieChart.m in Sources */ = {isa = PBXBuildFile; fileRef = 1518749F1BCC19720076BD21 /* VBPieChart.m */; };
		151874A41BCC19720076BD21 /* VBPiePiece.m in Sources */ = {isa = PBXBuildFile; fileRef = 151874A11BCC19720076BD21 /* VBPiePiece.m */; };
		159547A41BE274720021D2F0 /* UUBar.m in Sources */ = {isa = PBXBuildFile; fileRef = 159547991BE274720021D2F0 /* UUBar.m */; };
		159547A51BE274720021D2F0 /* UUBarChart.m in Sources */ = {isa = PBXBuildFile; fileRef = 1595479B1BE274720021D2F0 /* UUBarChart.m */; };
		159547A61BE274720021D2F0 /* UUChart.m in Sources */ = {isa = PBXBuildFile; fileRef = 1595479D1BE274720021D2F0 /* UUChart.m */; };
		159547A71BE274720021D2F0 /* UUChartLabel.m in Sources */ = {isa = PBXBuildFile; fileRef = 1595479F1BE274720021D2F0 /* UUChartLabel.m */; };
		159547A81BE274720021D2F0 /* UUColor.m in Sources */ = {isa = PBXBuildFile; fileRef = 159547A11BE274720021D2F0 /* UUColor.m */; };
		159547A91BE274720021D2F0 /* UULineChart.m in Sources */ = {isa = PBXBuildFile; fileRef = 159547A31BE274720021D2F0 /* UULineChart.m */; };
		15EA4AE21B98A9D7006CD602 /* main.m in Sources */ = {isa = PBXBuildFile; fileRef = 15EA4AE11B98A9D7006CD602 /* main.m */; };
		15EA4AEE1B98A9D7006CD602 /* Main.storyboard in Resources */ = {isa = PBXBuildFile; fileRef = 15EA4AEC1B98A9D7006CD602 /* Main.storyboard */; };
		15EA4AF01B98A9D7006CD602 /* Images.xcassets in Resources */ = {isa = PBXBuildFile; fileRef = 15EA4AEF1B98A9D7006CD602 /* Images.xcassets */; };
		15EA4AF31B98A9D7006CD602 /* LaunchScreen.xib in Resources */ = {isa = PBXBuildFile; fileRef = 15EA4AF11B98A9D7006CD602 /* LaunchScreen.xib */; };
		15EA4AFF1B98A9D7006CD602 /* BinWatchTests.m in Sources */ = {isa = PBXBuildFile; fileRef = 15EA4AFE1B98A9D7006CD602 /* BinWatchTests.m */; };
		15ED60D51BC94B8C00EA6285 /* BWAnalyseViewController.m in Sources */ = {isa = PBXBuildFile; fileRef = 15ED60D41BC94B8C00EA6285 /* BWAnalyseViewController.m */; };
		15ED60D81BC95A1600EA6285 /* BWDashBoardViewController.m in Sources */ = {isa = PBXBuildFile; fileRef = 15ED60D71BC95A1600EA6285 /* BWDashBoardViewController.m */; };
		15F596391BDD2CBD008F714F /* BWExportTableViewController.m in Sources */ = {isa = PBXBuildFile; fileRef = 15F596381BDD2CBD008F714F /* BWExportTableViewController.m */; };
		321C58D31BBCDF4300F025AA /* BinDetailsViewController.m in Sources */ = {isa = PBXBuildFile; fileRef = 321C58D21BBCDF4300F025AA /* BinDetailsViewController.m */; };
		32861A8E1BC4A1D400D0568F /* GradientView.m in Sources */ = {isa = PBXBuildFile; fileRef = 32861A8C1BC4A1D400D0568F /* GradientView.m */; };
		32861AA61BC4D09100D0568F /* BWViewRenderingHelper.m in Sources */ = {isa = PBXBuildFile; fileRef = 32861AA51BC4D09100D0568F /* BWViewRenderingHelper.m */; };
		9000720E1BC6F9C1003B2562 /* Fabric.framework in Frameworks */ = {isa = PBXBuildFile; fileRef = 9000720C1BC6F9C1003B2562 /* Fabric.framework */; };
		9000720F1BC6F9C1003B2562 /* Crashlytics.framework in Frameworks */ = {isa = PBXBuildFile; fileRef = 9000720D1BC6F9C1003B2562 /* Crashlytics.framework */; };
		900072121BC700F7003B2562 /* BWLogger.m in Sources */ = {isa = PBXBuildFile; fileRef = 900072111BC700F7003B2562 /* BWLogger.m */; };
		900072141BC7BE4B003B2562 /* Parse.framework in Frameworks */ = {isa = PBXBuildFile; fileRef = 900072131BC7BE4B003B2562 /* Parse.framework */; };
		900072161BC7C0EA003B2562 /* Bolts.framework in Frameworks */ = {isa = PBXBuildFile; fileRef = 900072151BC7C0EA003B2562 /* Bolts.framework */; };
		900072181BC7C198003B2562 /* Accounts.framework in Frameworks */ = {isa = PBXBuildFile; fileRef = 900072171BC7C198003B2562 /* Accounts.framework */; };
		9000721A1BC7C19E003B2562 /* Social.framework in Frameworks */ = {isa = PBXBuildFile; fileRef = 900072191BC7C19E003B2562 /* Social.framework */; };
		9000721C1BC7C1B2003B2562 /* libsqlite3.dylib in Frameworks */ = {isa = PBXBuildFile; fileRef = 9000721B1BC7C1B2003B2562 /* libsqlite3.dylib */; };
		9000721E1BC7C1BD003B2562 /* StoreKit.framework in Frameworks */ = {isa = PBXBuildFile; fileRef = 9000721D1BC7C1BD003B2562 /* StoreKit.framework */; };
		900072201BC7C1C5003B2562 /* Security.framework in Frameworks */ = {isa = PBXBuildFile; fileRef = 9000721F1BC7C1C5003B2562 /* Security.framework */; };
		900072221BC7C1E5003B2562 /* CFNetwork.framework in Frameworks */ = {isa = PBXBuildFile; fileRef = 900072211BC7C1E5003B2562 /* CFNetwork.framework */; };
		900072241BC7C1EF003B2562 /* AudioToolbox.framework in Frameworks */ = {isa = PBXBuildFile; fileRef = 900072231BC7C1EF003B2562 /* AudioToolbox.framework */; };
		900072661BCA69C6003B2562 /* BWSettingsControl.m in Sources */ = {isa = PBXBuildFile; fileRef = 900072651BCA69C6003B2562 /* BWSettingsControl.m */; };
		900072691BCAD851003B2562 /* BWAppSettings.m in Sources */ = {isa = PBXBuildFile; fileRef = 900072681BCAD851003B2562 /* BWAppSettings.m */; };
		901A3A1D1BE3B01E00581536 /* libCorePlot-CocoaTouch.a in Frameworks */ = {isa = PBXBuildFile; fileRef = 901A3A1C1BE3B01E00581536 /* libCorePlot-CocoaTouch.a */; };
		902721061BBBE48B00108D1E /* GoogleMaps.framework in Frameworks */ = {isa = PBXBuildFile; fileRef = 902721051BBBE48B00108D1E /* GoogleMaps.framework */; };
		902721081BBBE4CD00108D1E /* GoogleMaps.bundle in Resources */ = {isa = PBXBuildFile; fileRef = 902721071BBBE4CD00108D1E /* GoogleMaps.bundle */; };
		9027210A1BBBE50B00108D1E /* CoreBluetooth.framework in Frameworks */ = {isa = PBXBuildFile; fileRef = 902721091BBBE50B00108D1E /* CoreBluetooth.framework */; };
		9027210C1BBBE51500108D1E /* Accelerate.framework in Frameworks */ = {isa = PBXBuildFile; fileRef = 9027210B1BBBE51500108D1E /* Accelerate.framework */; };
		9027210E1BBBE52500108D1E /* CoreLocation.framework in Frameworks */ = {isa = PBXBuildFile; fileRef = 9027210D1BBBE52500108D1E /* CoreLocation.framework */; };
		902721101BBBE53400108D1E /* CoreText.framework in Frameworks */ = {isa = PBXBuildFile; fileRef = 9027210F1BBBE53400108D1E /* CoreText.framework */; };
		902721121BBBE54600108D1E /* GLKit.framework in Frameworks */ = {isa = PBXBuildFile; fileRef = 902721111BBBE54600108D1E /* GLKit.framework */; };
		902721141BBBE55200108D1E /* ImageIO.framework in Frameworks */ = {isa = PBXBuildFile; fileRef = 902721131BBBE55200108D1E /* ImageIO.framework */; };
		902721161BBBE56500108D1E /* libc++.dylib in Frameworks */ = {isa = PBXBuildFile; fileRef = 902721151BBBE56500108D1E /* libc++.dylib */; };
		902721181BBBE58100108D1E /* libicucore.dylib in Frameworks */ = {isa = PBXBuildFile; fileRef = 902721171BBBE58100108D1E /* libicucore.dylib */; };
		9027211A1BBBE59100108D1E /* libz.dylib in Frameworks */ = {isa = PBXBuildFile; fileRef = 902721191BBBE59100108D1E /* libz.dylib */; };
		9027211C1BBBE59C00108D1E /* OpenGLES.framework in Frameworks */ = {isa = PBXBuildFile; fileRef = 9027211B1BBBE59C00108D1E /* OpenGLES.framework */; };
		9027211E1BBBE5A500108D1E /* QuartzCore.framework in Frameworks */ = {isa = PBXBuildFile; fileRef = 9027211D1BBBE5A500108D1E /* QuartzCore.framework */; };
		902721211BBBE75600108D1E /* SystemConfiguration.framework in Frameworks */ = {isa = PBXBuildFile; fileRef = 902721201BBBE75600108D1E /* SystemConfiguration.framework */; };
		903F05DC1BD0194C0072386B /* BWDocumentHelper.mm in Sources */ = {isa = PBXBuildFile; fileRef = 903F05DB1BD0194C0072386B /* BWDocumentHelper.mm */; };
		903F07161BD2A8AF0072386B /* include in Resources */ = {isa = PBXBuildFile; fileRef = 903F07151BD2A8AF0072386B /* include */; };
		903F07181BD2A99F0072386B /* xlslib in Resources */ = {isa = PBXBuildFile; fileRef = 903F07171BD2A99F0072386B /* xlslib */; };
		903F071D1BD3A6960072386B /* libDHxls.a in Frameworks */ = {isa = PBXBuildFile; fileRef = 903F071C1BD3A6960072386B /* libDHxls.a */; };
		903F07201BD3AAF40072386B /* BWMailer.m in Sources */ = {isa = PBXBuildFile; fileRef = 903F071F1BD3AAF40072386B /* BWMailer.m */; };
		903F07AF1BDCF1B80072386B /* BWSettingsViewController.m in Sources */ = {isa = PBXBuildFile; fileRef = 903F07AE1BDCF1B80072386B /* BWSettingsViewController.m */; };
		905CDBEB1BDEA9D600A18D96 /* CorePlotHeaders in Resources */ = {isa = PBXBuildFile; fileRef = 905CDBEA1BDEA9D600A18D96 /* CorePlotHeaders */; };
		905CDBF01BDEAA7800A18D96 /* CPDConstants.m in Sources */ = {isa = PBXBuildFile; fileRef = 905CDBED1BDEAA7800A18D96 /* CPDConstants.m */; };
		905CDBF11BDEAA7800A18D96 /* CPDStockPriceStore.m in Sources */ = {isa = PBXBuildFile; fileRef = 905CDBEF1BDEAA7800A18D96 /* CPDStockPriceStore.m */; };
		905CDBF41BE1540000A18D96 /* BWDistance.m in Sources */ = {isa = PBXBuildFile; fileRef = 905CDBF31BE1540000A18D96 /* BWDistance.m */; };
		F19AB63D1B9BEB270084A879 /* BWBin.m in Sources */ = {isa = PBXBuildFile; fileRef = F19AB6391B9BEB270084A879 /* BWBin.m */; };
		F19AB63E1B9BEB270084A879 /* BWBinCollection.m in Sources */ = {isa = PBXBuildFile; fileRef = F19AB63B1B9BEB270084A879 /* BWBinCollection.m */; };
		F19AB6461B9BF5E50084A879 /* BWHelpers.m in Sources */ = {isa = PBXBuildFile; fileRef = F19AB6451B9BF5E50084A879 /* BWHelpers.m */; };
		F19AB6831BA1CF5C0084A879 /* AppDelegate.m in Sources */ = {isa = PBXBuildFile; fileRef = F19AB6821BA1CF5C0084A879 /* AppDelegate.m */; };
		F1D8A82F1C098B9600758CAC /* LoginHandler.m in Sources */ = {isa = PBXBuildFile; fileRef = F1D8A82E1C098B9600758CAC /* LoginHandler.m */; };
		F1F2B90E1BC6E55A0019E662 /* BWGeocoder.m in Sources */ = {isa = PBXBuildFile; fileRef = F1F2B8F91BC6E55A0019E662 /* BWGeocoder.m */; };
		F1F2B90F1BC6E55A0019E662 /* BWRoute.m in Sources */ = {isa = PBXBuildFile; fileRef = F1F2B8FB1BC6E55A0019E662 /* BWRoute.m */; };
		F1F2B9101BC6E55A0019E662 /* SPGooglePlacesAutocompletePlace.m in Sources */ = {isa = PBXBuildFile; fileRef = F1F2B8FE1BC6E55A0019E662 /* SPGooglePlacesAutocompletePlace.m */; };
		F1F2B9111BC6E55A0019E662 /* SPGooglePlacesAutocompleteQuery.m in Sources */ = {isa = PBXBuildFile; fileRef = F1F2B9001BC6E55A0019E662 /* SPGooglePlacesAutocompleteQuery.m */; };
		F1F2B9121BC6E55A0019E662 /* SPGooglePlacesAutocompleteUtilities.m in Sources */ = {isa = PBXBuildFile; fileRef = F1F2B9021BC6E55A0019E662 /* SPGooglePlacesAutocompleteUtilities.m */; };
		F1F2B9131BC6E55A0019E662 /* SPGooglePlacesPlaceDetailQuery.m in Sources */ = {isa = PBXBuildFile; fileRef = F1F2B9041BC6E55A0019E662 /* SPGooglePlacesPlaceDetailQuery.m */; };
		F1F2B9141BC6E55A0019E662 /* HudDemoViewController.m in Sources */ = {isa = PBXBuildFile; fileRef = F1F2B9081BC6E55A0019E662 /* HudDemoViewController.m */; };
		F1F2B9151BC6E55A0019E662 /* MBProgressHUD.m in Sources */ = {isa = PBXBuildFile; fileRef = F1F2B90A1BC6E55A0019E662 /* MBProgressHUD.m */; };
		F1F2B9161BC6E55A0019E662 /* Reachability.m in Sources */ = {isa = PBXBuildFile; fileRef = F1F2B90D1BC6E55A0019E662 /* Reachability.m */; };
		F1F2B9341BCBEA250019E662 /* BWConstants.m in Sources */ = {isa = PBXBuildFile; fileRef = F1F2B9331BCBEA250019E662 /* BWConstants.m */; };
		F1F8BF911BDCA87700154D90 /* UserMode.storyboard in Resources */ = {isa = PBXBuildFile; fileRef = F1F8BF8F1BDCA87700154D90 /* UserMode.storyboard */; };
		F1F8BF991BDCA89700154D90 /* BWAnalyseTableViewCell.m in Sources */ = {isa = PBXBuildFile; fileRef = F1F8BF931BDCA89700154D90 /* BWAnalyseTableViewCell.m */; };
		F1F8BF9A1BDCA89700154D90 /* BWDatePickerView.m in Sources */ = {isa = PBXBuildFile; fileRef = F1F8BF951BDCA89700154D90 /* BWDatePickerView.m */; };
		F1F8BF9B1BDCA89700154D90 /* BWDatePickerView.xib in Resources */ = {isa = PBXBuildFile; fileRef = F1F8BF961BDCA89700154D90 /* BWDatePickerView.xib */; };
		F1F8BF9C1BDCA89700154D90 /* QueryParameterCell.m in Sources */ = {isa = PBXBuildFile; fileRef = F1F8BF981BDCA89700154D90 /* QueryParameterCell.m */; };
		F1F8BF9F1BDCB48C00154D90 /* ChatDialogViewCell.m in Sources */ = {isa = PBXBuildFile; fileRef = F1F8BF9E1BDCB48C00154D90 /* ChatDialogViewCell.m */; };
		F1F8BFA21BDCB4A400154D90 /* Message.m in Sources */ = {isa = PBXBuildFile; fileRef = F1F8BFA11BDCB4A400154D90 /* Message.m */; };
		F1F8BFBC1BDE5D2500154D90 /* BWMessagesViewController.m in Sources */ = {isa = PBXBuildFile; fileRef = F1F8BFBB1BDE5D2500154D90 /* BWMessagesViewController.m */; };
/* End PBXBuildFile section */

/* Begin PBXContainerItemProxy section */
		15EA4AF91B98A9D7006CD602 /* PBXContainerItemProxy */ = {
			isa = PBXContainerItemProxy;
			containerPortal = 15EA4AD41B98A9D7006CD602 /* Project object */;
			proxyType = 1;
			remoteGlobalIDString = 15EA4ADB1B98A9D7006CD602;
			remoteInfo = BinWatch;
		};
/* End PBXContainerItemProxy section */

/* Begin PBXFileReference section */
		1500ABC51B9ABAD200E0AF6C /* BWAnalyticsViewController.h */ = {isa = PBXFileReference; fileEncoding = 4; lastKnownFileType = sourcecode.c.h; path = BWAnalyticsViewController.h; sourceTree = "<group>"; };
		1500ABC61B9ABAD200E0AF6C /* BWAnalyticsViewController.m */ = {isa = PBXFileReference; fileEncoding = 4; lastKnownFileType = sourcecode.c.objc; path = BWAnalyticsViewController.m; sourceTree = "<group>"; };
		1500ABC71B9ABAD200E0AF6C /* BWBinLocatorViewController.h */ = {isa = PBXFileReference; fileEncoding = 4; lastKnownFileType = sourcecode.c.h; path = BWBinLocatorViewController.h; sourceTree = "<group>"; };
		1500ABC81B9ABAD200E0AF6C /* BWBinLocatorViewController.m */ = {isa = PBXFileReference; fileEncoding = 4; lastKnownFileType = sourcecode.c.objc; path = BWBinLocatorViewController.m; sourceTree = "<group>"; };
		1500ABC91B9ABAD200E0AF6C /* BWFillLevelsViewController.h */ = {isa = PBXFileReference; fileEncoding = 4; lastKnownFileType = sourcecode.c.h; path = BWFillLevelsViewController.h; sourceTree = "<group>"; };
		1500ABCA1B9ABAD200E0AF6C /* BWFillLevelsViewController.m */ = {isa = PBXFileReference; fileEncoding = 4; lastKnownFileType = sourcecode.c.objc; path = BWFillLevelsViewController.m; sourceTree = "<group>"; };
		1500ABD81B9C01AE00E0AF6C /* CoreData.framework */ = {isa = PBXFileReference; lastKnownFileType = wrapper.framework; name = CoreData.framework; path = System/Library/Frameworks/CoreData.framework; sourceTree = SDKROOT; };
		1500ABDB1B9C047D00E0AF6C /* BinWatch-Prefix.pch */ = {isa = PBXFileReference; fileEncoding = 4; lastKnownFileType = sourcecode.c.h; path = "BinWatch-Prefix.pch"; sourceTree = "<group>"; };
		1500ABE11B9C080500E0AF6C /* BWDataHandler.h */ = {isa = PBXFileReference; fileEncoding = 4; lastKnownFileType = sourcecode.c.h; path = BWDataHandler.h; sourceTree = "<group>"; };
		1500ABE21B9C080500E0AF6C /* BWDataHandler.m */ = {isa = PBXFileReference; fileEncoding = 4; lastKnownFileType = sourcecode.c.objc; path = BWDataHandler.m; sourceTree = "<group>"; };
		1500ABE51B9C080500E0AF6C /* BinWatch.xcdatamodel */ = {isa = PBXFileReference; lastKnownFileType = wrapper.xcdatamodel; path = BinWatch.xcdatamodel; sourceTree = "<group>"; };
		1500ABF01B9C080D00E0AF6C /* BWConnectionHandler.h */ = {isa = PBXFileReference; fileEncoding = 4; lastKnownFileType = sourcecode.c.h; path = BWConnectionHandler.h; sourceTree = "<group>"; };
		1500ABF11B9C080D00E0AF6C /* BWConnectionHandler.m */ = {isa = PBXFileReference; fileEncoding = 4; lastKnownFileType = sourcecode.c.objc; path = BWConnectionHandler.m; sourceTree = "<group>"; };
		1500ABFD1B9C10CF00E0AF6C /* Bin.h */ = {isa = PBXFileReference; fileEncoding = 4; lastKnownFileType = sourcecode.c.h; path = Bin.h; sourceTree = "<group>"; };
		1500ABFE1B9C10CF00E0AF6C /* Bin.m */ = {isa = PBXFileReference; fileEncoding = 4; lastKnownFileType = sourcecode.c.objc; path = Bin.m; sourceTree = "<group>"; };
		1518749C1BCC19720076BD21 /* UIColor+HexColor.h */ = {isa = PBXFileReference; fileEncoding = 4; lastKnownFileType = sourcecode.c.h; path = "UIColor+HexColor.h"; sourceTree = "<group>"; };
		1518749D1BCC19720076BD21 /* UIColor+HexColor.m */ = {isa = PBXFileReference; fileEncoding = 4; lastKnownFileType = sourcecode.c.objc; path = "UIColor+HexColor.m"; sourceTree = "<group>"; };
		1518749E1BCC19720076BD21 /* VBPieChart.h */ = {isa = PBXFileReference; fileEncoding = 4; lastKnownFileType = sourcecode.c.h; path = VBPieChart.h; sourceTree = "<group>"; };
		1518749F1BCC19720076BD21 /* VBPieChart.m */ = {isa = PBXFileReference; fileEncoding = 4; lastKnownFileType = sourcecode.c.objc; path = VBPieChart.m; sourceTree = "<group>"; };
		151874A01BCC19720076BD21 /* VBPiePiece.h */ = {isa = PBXFileReference; fileEncoding = 4; lastKnownFileType = sourcecode.c.h; path = VBPiePiece.h; sourceTree = "<group>"; };
		151874A11BCC19720076BD21 /* VBPiePiece.m */ = {isa = PBXFileReference; fileEncoding = 4; lastKnownFileType = sourcecode.c.objc; path = VBPiePiece.m; sourceTree = "<group>"; };
		159547981BE274720021D2F0 /* UUBar.h */ = {isa = PBXFileReference; fileEncoding = 4; lastKnownFileType = sourcecode.c.h; path = UUBar.h; sourceTree = "<group>"; };
		159547991BE274720021D2F0 /* UUBar.m */ = {isa = PBXFileReference; fileEncoding = 4; lastKnownFileType = sourcecode.c.objc; path = UUBar.m; sourceTree = "<group>"; };
		1595479A1BE274720021D2F0 /* UUBarChart.h */ = {isa = PBXFileReference; fileEncoding = 4; lastKnownFileType = sourcecode.c.h; path = UUBarChart.h; sourceTree = "<group>"; };
		1595479B1BE274720021D2F0 /* UUBarChart.m */ = {isa = PBXFileReference; fileEncoding = 4; lastKnownFileType = sourcecode.c.objc; path = UUBarChart.m; sourceTree = "<group>"; };
		1595479C1BE274720021D2F0 /* UUChart.h */ = {isa = PBXFileReference; fileEncoding = 4; lastKnownFileType = sourcecode.c.h; path = UUChart.h; sourceTree = "<group>"; };
		1595479D1BE274720021D2F0 /* UUChart.m */ = {isa = PBXFileReference; fileEncoding = 4; lastKnownFileType = sourcecode.c.objc; path = UUChart.m; sourceTree = "<group>"; };
		1595479E1BE274720021D2F0 /* UUChartLabel.h */ = {isa = PBXFileReference; fileEncoding = 4; lastKnownFileType = sourcecode.c.h; path = UUChartLabel.h; sourceTree = "<group>"; };
		1595479F1BE274720021D2F0 /* UUChartLabel.m */ = {isa = PBXFileReference; fileEncoding = 4; lastKnownFileType = sourcecode.c.objc; path = UUChartLabel.m; sourceTree = "<group>"; };
		159547A01BE274720021D2F0 /* UUColor.h */ = {isa = PBXFileReference; fileEncoding = 4; lastKnownFileType = sourcecode.c.h; path = UUColor.h; sourceTree = "<group>"; };
		159547A11BE274720021D2F0 /* UUColor.m */ = {isa = PBXFileReference; fileEncoding = 4; lastKnownFileType = sourcecode.c.objc; path = UUColor.m; sourceTree = "<group>"; };
		159547A21BE274720021D2F0 /* UULineChart.h */ = {isa = PBXFileReference; fileEncoding = 4; lastKnownFileType = sourcecode.c.h; path = UULineChart.h; sourceTree = "<group>"; };
		159547A31BE274720021D2F0 /* UULineChart.m */ = {isa = PBXFileReference; fileEncoding = 4; lastKnownFileType = sourcecode.c.objc; path = UULineChart.m; sourceTree = "<group>"; };
		15EA4ADC1B98A9D7006CD602 /* BinWatch.app */ = {isa = PBXFileReference; explicitFileType = wrapper.application; includeInIndex = 0; path = BinWatch.app; sourceTree = BUILT_PRODUCTS_DIR; };
		15EA4AE01B98A9D7006CD602 /* Info.plist */ = {isa = PBXFileReference; lastKnownFileType = text.plist.xml; path = Info.plist; sourceTree = "<group>"; };
		15EA4AE11B98A9D7006CD602 /* main.m */ = {isa = PBXFileReference; lastKnownFileType = sourcecode.c.objc; path = main.m; sourceTree = "<group>"; };
		15EA4AED1B98A9D7006CD602 /* Base */ = {isa = PBXFileReference; lastKnownFileType = file.storyboard; name = Base; path = Base.lproj/Main.storyboard; sourceTree = "<group>"; };
		15EA4AEF1B98A9D7006CD602 /* Images.xcassets */ = {isa = PBXFileReference; lastKnownFileType = folder.assetcatalog; path = Images.xcassets; sourceTree = "<group>"; };
		15EA4AF21B98A9D7006CD602 /* Base */ = {isa = PBXFileReference; lastKnownFileType = file.xib; name = Base; path = Base.lproj/LaunchScreen.xib; sourceTree = "<group>"; };
		15EA4AF81B98A9D7006CD602 /* BinWatchTests.xctest */ = {isa = PBXFileReference; explicitFileType = wrapper.cfbundle; includeInIndex = 0; path = BinWatchTests.xctest; sourceTree = BUILT_PRODUCTS_DIR; };
		15EA4AFD1B98A9D7006CD602 /* Info.plist */ = {isa = PBXFileReference; lastKnownFileType = text.plist.xml; path = Info.plist; sourceTree = "<group>"; };
		15EA4AFE1B98A9D7006CD602 /* BinWatchTests.m */ = {isa = PBXFileReference; lastKnownFileType = sourcecode.c.objc; path = BinWatchTests.m; sourceTree = "<group>"; };
		15ED60D31BC94B8C00EA6285 /* BWAnalyseViewController.h */ = {isa = PBXFileReference; fileEncoding = 4; lastKnownFileType = sourcecode.c.h; path = BWAnalyseViewController.h; sourceTree = "<group>"; };
		15ED60D41BC94B8C00EA6285 /* BWAnalyseViewController.m */ = {isa = PBXFileReference; fileEncoding = 4; lastKnownFileType = sourcecode.c.objc; path = BWAnalyseViewController.m; sourceTree = "<group>"; };
		15ED60D61BC95A1600EA6285 /* BWDashBoardViewController.h */ = {isa = PBXFileReference; fileEncoding = 4; lastKnownFileType = sourcecode.c.h; name = BWDashBoardViewController.h; path = ../../BWDashBoardViewController.h; sourceTree = "<group>"; };
		15ED60D71BC95A1600EA6285 /* BWDashBoardViewController.m */ = {isa = PBXFileReference; fileEncoding = 4; lastKnownFileType = sourcecode.c.objc; name = BWDashBoardViewController.m; path = ../../BWDashBoardViewController.m; sourceTree = "<group>"; };
		15F596371BDD2CBD008F714F /* BWExportTableViewController.h */ = {isa = PBXFileReference; fileEncoding = 4; lastKnownFileType = sourcecode.c.h; name = BWExportTableViewController.h; path = ../../BWExportTableViewController.h; sourceTree = "<group>"; };
		15F596381BDD2CBD008F714F /* BWExportTableViewController.m */ = {isa = PBXFileReference; fileEncoding = 4; lastKnownFileType = sourcecode.c.objc; name = BWExportTableViewController.m; path = ../../BWExportTableViewController.m; sourceTree = "<group>"; };
		321C58D11BBCDF4300F025AA /* BinDetailsViewController.h */ = {isa = PBXFileReference; fileEncoding = 4; lastKnownFileType = sourcecode.c.h; path = BinDetailsViewController.h; sourceTree = "<group>"; };
		321C58D21BBCDF4300F025AA /* BinDetailsViewController.m */ = {isa = PBXFileReference; fileEncoding = 4; lastKnownFileType = sourcecode.c.objc; path = BinDetailsViewController.m; sourceTree = "<group>"; };
		32861A8B1BC4A1D400D0568F /* GradientView.h */ = {isa = PBXFileReference; fileEncoding = 4; lastKnownFileType = sourcecode.c.h; name = GradientView.h; path = Views/GradientView.h; sourceTree = "<group>"; };
		32861A8C1BC4A1D400D0568F /* GradientView.m */ = {isa = PBXFileReference; fileEncoding = 4; lastKnownFileType = sourcecode.c.objc; name = GradientView.m; path = Views/GradientView.m; sourceTree = "<group>"; };
		32861AA41BC4D09100D0568F /* BWViewRenderingHelper.h */ = {isa = PBXFileReference; fileEncoding = 4; lastKnownFileType = sourcecode.c.h; path = BWViewRenderingHelper.h; sourceTree = "<group>"; };
		32861AA51BC4D09100D0568F /* BWViewRenderingHelper.m */ = {isa = PBXFileReference; fileEncoding = 4; lastKnownFileType = sourcecode.c.objc; path = BWViewRenderingHelper.m; sourceTree = "<group>"; };
		9000720C1BC6F9C1003B2562 /* Fabric.framework */ = {isa = PBXFileReference; lastKnownFileType = wrapper.framework; path = Fabric.framework; sourceTree = "<group>"; };
		9000720D1BC6F9C1003B2562 /* Crashlytics.framework */ = {isa = PBXFileReference; lastKnownFileType = wrapper.framework; path = Crashlytics.framework; sourceTree = "<group>"; };
		900072101BC700F7003B2562 /* BWLogger.h */ = {isa = PBXFileReference; fileEncoding = 4; lastKnownFileType = sourcecode.c.h; path = BWLogger.h; sourceTree = "<group>"; };
		900072111BC700F7003B2562 /* BWLogger.m */ = {isa = PBXFileReference; fileEncoding = 4; lastKnownFileType = sourcecode.c.objc; path = BWLogger.m; sourceTree = "<group>"; };
		900072131BC7BE4B003B2562 /* Parse.framework */ = {isa = PBXFileReference; lastKnownFileType = wrapper.framework; path = Parse.framework; sourceTree = "<group>"; };
		900072151BC7C0EA003B2562 /* Bolts.framework */ = {isa = PBXFileReference; lastKnownFileType = wrapper.framework; path = Bolts.framework; sourceTree = "<group>"; };
		900072171BC7C198003B2562 /* Accounts.framework */ = {isa = PBXFileReference; lastKnownFileType = wrapper.framework; name = Accounts.framework; path = System/Library/Frameworks/Accounts.framework; sourceTree = SDKROOT; };
		900072191BC7C19E003B2562 /* Social.framework */ = {isa = PBXFileReference; lastKnownFileType = wrapper.framework; name = Social.framework; path = System/Library/Frameworks/Social.framework; sourceTree = SDKROOT; };
		9000721B1BC7C1B2003B2562 /* libsqlite3.dylib */ = {isa = PBXFileReference; lastKnownFileType = "compiled.mach-o.dylib"; name = libsqlite3.dylib; path = usr/lib/libsqlite3.dylib; sourceTree = SDKROOT; };
		9000721D1BC7C1BD003B2562 /* StoreKit.framework */ = {isa = PBXFileReference; lastKnownFileType = wrapper.framework; name = StoreKit.framework; path = System/Library/Frameworks/StoreKit.framework; sourceTree = SDKROOT; };
		9000721F1BC7C1C5003B2562 /* Security.framework */ = {isa = PBXFileReference; lastKnownFileType = wrapper.framework; name = Security.framework; path = System/Library/Frameworks/Security.framework; sourceTree = SDKROOT; };
		900072211BC7C1E5003B2562 /* CFNetwork.framework */ = {isa = PBXFileReference; lastKnownFileType = wrapper.framework; name = CFNetwork.framework; path = System/Library/Frameworks/CFNetwork.framework; sourceTree = SDKROOT; };
		900072231BC7C1EF003B2562 /* AudioToolbox.framework */ = {isa = PBXFileReference; lastKnownFileType = wrapper.framework; name = AudioToolbox.framework; path = System/Library/Frameworks/AudioToolbox.framework; sourceTree = SDKROOT; };
		900072641BCA69C6003B2562 /* BWSettingsControl.h */ = {isa = PBXFileReference; fileEncoding = 4; lastKnownFileType = sourcecode.c.h; path = BWSettingsControl.h; sourceTree = "<group>"; };
		900072651BCA69C6003B2562 /* BWSettingsControl.m */ = {isa = PBXFileReference; fileEncoding = 4; lastKnownFileType = sourcecode.c.objc; path = BWSettingsControl.m; sourceTree = "<group>"; };
		900072671BCAD851003B2562 /* BWAppSettings.h */ = {isa = PBXFileReference; fileEncoding = 4; lastKnownFileType = sourcecode.c.h; path = BWAppSettings.h; sourceTree = "<group>"; };
		900072681BCAD851003B2562 /* BWAppSettings.m */ = {isa = PBXFileReference; fileEncoding = 4; lastKnownFileType = sourcecode.c.objc; path = BWAppSettings.m; sourceTree = "<group>"; };
		901A3A1C1BE3B01E00581536 /* libCorePlot-CocoaTouch.a */ = {isa = PBXFileReference; lastKnownFileType = archive.ar; path = "libCorePlot-CocoaTouch.a"; sourceTree = "<group>"; };
		902721051BBBE48B00108D1E /* GoogleMaps.framework */ = {isa = PBXFileReference; lastKnownFileType = wrapper.framework; path = GoogleMaps.framework; sourceTree = "<group>"; };
		902721071BBBE4CD00108D1E /* GoogleMaps.bundle */ = {isa = PBXFileReference; lastKnownFileType = "wrapper.plug-in"; path = GoogleMaps.bundle; sourceTree = "<group>"; };
		902721091BBBE50B00108D1E /* CoreBluetooth.framework */ = {isa = PBXFileReference; lastKnownFileType = wrapper.framework; name = CoreBluetooth.framework; path = System/Library/Frameworks/CoreBluetooth.framework; sourceTree = SDKROOT; };
		9027210B1BBBE51500108D1E /* Accelerate.framework */ = {isa = PBXFileReference; lastKnownFileType = wrapper.framework; name = Accelerate.framework; path = System/Library/Frameworks/Accelerate.framework; sourceTree = SDKROOT; };
		9027210D1BBBE52500108D1E /* CoreLocation.framework */ = {isa = PBXFileReference; lastKnownFileType = wrapper.framework; name = CoreLocation.framework; path = System/Library/Frameworks/CoreLocation.framework; sourceTree = SDKROOT; };
		9027210F1BBBE53400108D1E /* CoreText.framework */ = {isa = PBXFileReference; lastKnownFileType = wrapper.framework; name = CoreText.framework; path = System/Library/Frameworks/CoreText.framework; sourceTree = SDKROOT; };
		902721111BBBE54600108D1E /* GLKit.framework */ = {isa = PBXFileReference; lastKnownFileType = wrapper.framework; name = GLKit.framework; path = System/Library/Frameworks/GLKit.framework; sourceTree = SDKROOT; };
		902721131BBBE55200108D1E /* ImageIO.framework */ = {isa = PBXFileReference; lastKnownFileType = wrapper.framework; name = ImageIO.framework; path = System/Library/Frameworks/ImageIO.framework; sourceTree = SDKROOT; };
		902721151BBBE56500108D1E /* libc++.dylib */ = {isa = PBXFileReference; lastKnownFileType = "compiled.mach-o.dylib"; name = "libc++.dylib"; path = "usr/lib/libc++.dylib"; sourceTree = SDKROOT; };
		902721171BBBE58100108D1E /* libicucore.dylib */ = {isa = PBXFileReference; lastKnownFileType = "compiled.mach-o.dylib"; name = libicucore.dylib; path = usr/lib/libicucore.dylib; sourceTree = SDKROOT; };
		902721191BBBE59100108D1E /* libz.dylib */ = {isa = PBXFileReference; lastKnownFileType = "compiled.mach-o.dylib"; name = libz.dylib; path = usr/lib/libz.dylib; sourceTree = SDKROOT; };
		9027211B1BBBE59C00108D1E /* OpenGLES.framework */ = {isa = PBXFileReference; lastKnownFileType = wrapper.framework; name = OpenGLES.framework; path = System/Library/Frameworks/OpenGLES.framework; sourceTree = SDKROOT; };
		9027211D1BBBE5A500108D1E /* QuartzCore.framework */ = {isa = PBXFileReference; lastKnownFileType = wrapper.framework; name = QuartzCore.framework; path = System/Library/Frameworks/QuartzCore.framework; sourceTree = SDKROOT; };
		902721201BBBE75600108D1E /* SystemConfiguration.framework */ = {isa = PBXFileReference; lastKnownFileType = wrapper.framework; name = SystemConfiguration.framework; path = System/Library/Frameworks/SystemConfiguration.framework; sourceTree = SDKROOT; };
		903F05DA1BD0194C0072386B /* BWDocumentHelper.h */ = {isa = PBXFileReference; fileEncoding = 4; lastKnownFileType = sourcecode.c.h; path = BWDocumentHelper.h; sourceTree = "<group>"; };
		903F05DB1BD0194C0072386B /* BWDocumentHelper.mm */ = {isa = PBXFileReference; fileEncoding = 4; lastKnownFileType = sourcecode.cpp.objcpp; path = BWDocumentHelper.mm; sourceTree = "<group>"; };
		903F07151BD2A8AF0072386B /* include */ = {isa = PBXFileReference; lastKnownFileType = folder; path = include; sourceTree = "<group>"; };
		903F07171BD2A99F0072386B /* xlslib */ = {isa = PBXFileReference; lastKnownFileType = folder; path = xlslib; sourceTree = "<group>"; };
		903F071C1BD3A6960072386B /* libDHxls.a */ = {isa = PBXFileReference; lastKnownFileType = archive.ar; path = libDHxls.a; sourceTree = "<group>"; };
		903F071E1BD3AAF40072386B /* BWMailer.h */ = {isa = PBXFileReference; fileEncoding = 4; lastKnownFileType = sourcecode.c.h; path = BWMailer.h; sourceTree = "<group>"; };
		903F071F1BD3AAF40072386B /* BWMailer.m */ = {isa = PBXFileReference; fileEncoding = 4; lastKnownFileType = sourcecode.c.objc; path = BWMailer.m; sourceTree = "<group>"; };
		903F07AD1BDCF1B80072386B /* BWSettingsViewController.h */ = {isa = PBXFileReference; fileEncoding = 4; lastKnownFileType = sourcecode.c.h; path = BWSettingsViewController.h; sourceTree = "<group>"; };
		903F07AE1BDCF1B80072386B /* BWSettingsViewController.m */ = {isa = PBXFileReference; fileEncoding = 4; lastKnownFileType = sourcecode.c.objc; path = BWSettingsViewController.m; sourceTree = "<group>"; };
		905CDBEA1BDEA9D600A18D96 /* CorePlotHeaders */ = {isa = PBXFileReference; lastKnownFileType = folder; path = CorePlotHeaders; sourceTree = "<group>"; };
		905CDBEC1BDEAA7800A18D96 /* CPDConstants.h */ = {isa = PBXFileReference; fileEncoding = 4; lastKnownFileType = sourcecode.c.h; path = CPDConstants.h; sourceTree = "<group>"; };
		905CDBED1BDEAA7800A18D96 /* CPDConstants.m */ = {isa = PBXFileReference; fileEncoding = 4; lastKnownFileType = sourcecode.c.objc; path = CPDConstants.m; sourceTree = "<group>"; };
		905CDBEE1BDEAA7800A18D96 /* CPDStockPriceStore.h */ = {isa = PBXFileReference; fileEncoding = 4; lastKnownFileType = sourcecode.c.h; path = CPDStockPriceStore.h; sourceTree = "<group>"; };
		905CDBEF1BDEAA7800A18D96 /* CPDStockPriceStore.m */ = {isa = PBXFileReference; fileEncoding = 4; lastKnownFileType = sourcecode.c.objc; path = CPDStockPriceStore.m; sourceTree = "<group>"; };
		905CDBF21BE1540000A18D96 /* BWDistance.h */ = {isa = PBXFileReference; fileEncoding = 4; lastKnownFileType = sourcecode.c.h; path = BWDistance.h; sourceTree = "<group>"; };
		905CDBF31BE1540000A18D96 /* BWDistance.m */ = {isa = PBXFileReference; fileEncoding = 4; lastKnownFileType = sourcecode.c.objc; path = BWDistance.m; sourceTree = "<group>"; };
		F19AB6381B9BEB270084A879 /* BWBin.h */ = {isa = PBXFileReference; fileEncoding = 4; lastKnownFileType = sourcecode.c.h; path = BWBin.h; sourceTree = "<group>"; };
		F19AB6391B9BEB270084A879 /* BWBin.m */ = {isa = PBXFileReference; fileEncoding = 4; lastKnownFileType = sourcecode.c.objc; path = BWBin.m; sourceTree = "<group>"; };
		F19AB63A1B9BEB270084A879 /* BWBinCollection.h */ = {isa = PBXFileReference; fileEncoding = 4; lastKnownFileType = sourcecode.c.h; path = BWBinCollection.h; sourceTree = "<group>"; };
		F19AB63B1B9BEB270084A879 /* BWBinCollection.m */ = {isa = PBXFileReference; fileEncoding = 4; lastKnownFileType = sourcecode.c.objc; path = BWBinCollection.m; sourceTree = "<group>"; };
		F19AB6441B9BF5E50084A879 /* BWHelpers.h */ = {isa = PBXFileReference; fileEncoding = 4; lastKnownFileType = sourcecode.c.h; name = BWHelpers.h; path = DataHandler/BWHelpers.h; sourceTree = "<group>"; };
		F19AB6451B9BF5E50084A879 /* BWHelpers.m */ = {isa = PBXFileReference; fileEncoding = 4; lastKnownFileType = sourcecode.c.objc; name = BWHelpers.m; path = DataHandler/BWHelpers.m; sourceTree = "<group>"; };
		F19AB6811BA1CF5C0084A879 /* AppDelegate.h */ = {isa = PBXFileReference; fileEncoding = 4; lastKnownFileType = sourcecode.c.h; path = AppDelegate.h; sourceTree = "<group>"; };
		F19AB6821BA1CF5C0084A879 /* AppDelegate.m */ = {isa = PBXFileReference; fileEncoding = 4; lastKnownFileType = sourcecode.c.objc; path = AppDelegate.m; sourceTree = "<group>"; };
		F1D8A82D1C098B9600758CAC /* LoginHandler.h */ = {isa = PBXFileReference; fileEncoding = 4; lastKnownFileType = sourcecode.c.h; path = LoginHandler.h; sourceTree = "<group>"; };
		F1D8A82E1C098B9600758CAC /* LoginHandler.m */ = {isa = PBXFileReference; fileEncoding = 4; lastKnownFileType = sourcecode.c.objc; path = LoginHandler.m; sourceTree = "<group>"; };
		F1F2B8F81BC6E55A0019E662 /* BWGeocoder.h */ = {isa = PBXFileReference; fileEncoding = 4; lastKnownFileType = sourcecode.c.h; path = BWGeocoder.h; sourceTree = "<group>"; };
		F1F2B8F91BC6E55A0019E662 /* BWGeocoder.m */ = {isa = PBXFileReference; fileEncoding = 4; lastKnownFileType = sourcecode.c.objc; path = BWGeocoder.m; sourceTree = "<group>"; };
		F1F2B8FA1BC6E55A0019E662 /* BWRoute.h */ = {isa = PBXFileReference; fileEncoding = 4; lastKnownFileType = sourcecode.c.h; path = BWRoute.h; sourceTree = "<group>"; };
		F1F2B8FB1BC6E55A0019E662 /* BWRoute.m */ = {isa = PBXFileReference; fileEncoding = 4; lastKnownFileType = sourcecode.c.objc; path = BWRoute.m; sourceTree = "<group>"; };
		F1F2B8FC1BC6E55A0019E662 /* SPGooglePlacesAutocomplete.h */ = {isa = PBXFileReference; fileEncoding = 4; lastKnownFileType = sourcecode.c.h; name = SPGooglePlacesAutocomplete.h; path = "../Google Maps/SPGooglePlacesAutocomplete.h"; sourceTree = "<group>"; };
		F1F2B8FD1BC6E55A0019E662 /* SPGooglePlacesAutocompletePlace.h */ = {isa = PBXFileReference; fileEncoding = 4; lastKnownFileType = sourcecode.c.h; name = SPGooglePlacesAutocompletePlace.h; path = "../Google Maps/SPGooglePlacesAutocompletePlace.h"; sourceTree = "<group>"; };
		F1F2B8FE1BC6E55A0019E662 /* SPGooglePlacesAutocompletePlace.m */ = {isa = PBXFileReference; fileEncoding = 4; lastKnownFileType = sourcecode.c.objc; name = SPGooglePlacesAutocompletePlace.m; path = "../Google Maps/SPGooglePlacesAutocompletePlace.m"; sourceTree = "<group>"; };
		F1F2B8FF1BC6E55A0019E662 /* SPGooglePlacesAutocompleteQuery.h */ = {isa = PBXFileReference; fileEncoding = 4; lastKnownFileType = sourcecode.c.h; name = SPGooglePlacesAutocompleteQuery.h; path = "../Google Maps/SPGooglePlacesAutocompleteQuery.h"; sourceTree = "<group>"; };
		F1F2B9001BC6E55A0019E662 /* SPGooglePlacesAutocompleteQuery.m */ = {isa = PBXFileReference; fileEncoding = 4; lastKnownFileType = sourcecode.c.objc; name = SPGooglePlacesAutocompleteQuery.m; path = "../Google Maps/SPGooglePlacesAutocompleteQuery.m"; sourceTree = "<group>"; };
		F1F2B9011BC6E55A0019E662 /* SPGooglePlacesAutocompleteUtilities.h */ = {isa = PBXFileReference; fileEncoding = 4; lastKnownFileType = sourcecode.c.h; name = SPGooglePlacesAutocompleteUtilities.h; path = "../Google Maps/SPGooglePlacesAutocompleteUtilities.h"; sourceTree = "<group>"; };
		F1F2B9021BC6E55A0019E662 /* SPGooglePlacesAutocompleteUtilities.m */ = {isa = PBXFileReference; fileEncoding = 4; lastKnownFileType = sourcecode.c.objc; name = SPGooglePlacesAutocompleteUtilities.m; path = "../Google Maps/SPGooglePlacesAutocompleteUtilities.m"; sourceTree = "<group>"; };
		F1F2B9031BC6E55A0019E662 /* SPGooglePlacesPlaceDetailQuery.h */ = {isa = PBXFileReference; fileEncoding = 4; lastKnownFileType = sourcecode.c.h; name = SPGooglePlacesPlaceDetailQuery.h; path = "../Google Maps/SPGooglePlacesPlaceDetailQuery.h"; sourceTree = "<group>"; };
		F1F2B9041BC6E55A0019E662 /* SPGooglePlacesPlaceDetailQuery.m */ = {isa = PBXFileReference; fileEncoding = 4; lastKnownFileType = sourcecode.c.objc; name = SPGooglePlacesPlaceDetailQuery.m; path = "../Google Maps/SPGooglePlacesPlaceDetailQuery.m"; sourceTree = "<group>"; };
		F1F2B9071BC6E55A0019E662 /* HudDemoViewController.h */ = {isa = PBXFileReference; fileEncoding = 4; lastKnownFileType = sourcecode.c.h; path = HudDemoViewController.h; sourceTree = "<group>"; };
		F1F2B9081BC6E55A0019E662 /* HudDemoViewController.m */ = {isa = PBXFileReference; fileEncoding = 4; lastKnownFileType = sourcecode.c.objc; path = HudDemoViewController.m; sourceTree = "<group>"; };
		F1F2B9091BC6E55A0019E662 /* MBProgressHUD.h */ = {isa = PBXFileReference; fileEncoding = 4; lastKnownFileType = sourcecode.c.h; path = MBProgressHUD.h; sourceTree = "<group>"; };
		F1F2B90A1BC6E55A0019E662 /* MBProgressHUD.m */ = {isa = PBXFileReference; fileEncoding = 4; lastKnownFileType = sourcecode.c.objc; path = MBProgressHUD.m; sourceTree = "<group>"; };
		F1F2B90C1BC6E55A0019E662 /* Reachability.h */ = {isa = PBXFileReference; fileEncoding = 4; lastKnownFileType = sourcecode.c.h; path = Reachability.h; sourceTree = "<group>"; };
		F1F2B90D1BC6E55A0019E662 /* Reachability.m */ = {isa = PBXFileReference; fileEncoding = 4; lastKnownFileType = sourcecode.c.objc; path = Reachability.m; sourceTree = "<group>"; };
		F1F2B9321BCBEA250019E662 /* BWConstants.h */ = {isa = PBXFileReference; fileEncoding = 4; lastKnownFileType = sourcecode.c.h; path = BWConstants.h; sourceTree = "<group>"; };
		F1F2B9331BCBEA250019E662 /* BWConstants.m */ = {isa = PBXFileReference; fileEncoding = 4; lastKnownFileType = sourcecode.c.objc; path = BWConstants.m; sourceTree = "<group>"; };
		F1F8BF901BDCA87700154D90 /* Base */ = {isa = PBXFileReference; lastKnownFileType = file.storyboard; name = Base; path = Base.lproj/UserMode.storyboard; sourceTree = "<group>"; };
		F1F8BF921BDCA89700154D90 /* BWAnalyseTableViewCell.h */ = {isa = PBXFileReference; fileEncoding = 4; lastKnownFileType = sourcecode.c.h; name = BWAnalyseTableViewCell.h; path = Views/BWAnalyseTableViewCell.h; sourceTree = "<group>"; };
		F1F8BF931BDCA89700154D90 /* BWAnalyseTableViewCell.m */ = {isa = PBXFileReference; fileEncoding = 4; lastKnownFileType = sourcecode.c.objc; name = BWAnalyseTableViewCell.m; path = Views/BWAnalyseTableViewCell.m; sourceTree = "<group>"; };
		F1F8BF941BDCA89700154D90 /* BWDatePickerView.h */ = {isa = PBXFileReference; fileEncoding = 4; lastKnownFileType = sourcecode.c.h; name = BWDatePickerView.h; path = Views/BWDatePickerView.h; sourceTree = "<group>"; };
		F1F8BF951BDCA89700154D90 /* BWDatePickerView.m */ = {isa = PBXFileReference; fileEncoding = 4; lastKnownFileType = sourcecode.c.objc; name = BWDatePickerView.m; path = Views/BWDatePickerView.m; sourceTree = "<group>"; };
		F1F8BF961BDCA89700154D90 /* BWDatePickerView.xib */ = {isa = PBXFileReference; fileEncoding = 4; lastKnownFileType = file.xib; name = BWDatePickerView.xib; path = Views/BWDatePickerView.xib; sourceTree = "<group>"; };
		F1F8BF971BDCA89700154D90 /* QueryParameterCell.h */ = {isa = PBXFileReference; fileEncoding = 4; lastKnownFileType = sourcecode.c.h; name = QueryParameterCell.h; path = Views/QueryParameterCell.h; sourceTree = "<group>"; };
		F1F8BF981BDCA89700154D90 /* QueryParameterCell.m */ = {isa = PBXFileReference; fileEncoding = 4; lastKnownFileType = sourcecode.c.objc; name = QueryParameterCell.m; path = Views/QueryParameterCell.m; sourceTree = "<group>"; };
		F1F8BF9D1BDCB48C00154D90 /* ChatDialogViewCell.h */ = {isa = PBXFileReference; fileEncoding = 4; lastKnownFileType = sourcecode.c.h; path = ChatDialogViewCell.h; sourceTree = "<group>"; };
		F1F8BF9E1BDCB48C00154D90 /* ChatDialogViewCell.m */ = {isa = PBXFileReference; fileEncoding = 4; lastKnownFileType = sourcecode.c.objc; path = ChatDialogViewCell.m; sourceTree = "<group>"; };
		F1F8BFA01BDCB4A400154D90 /* Message.h */ = {isa = PBXFileReference; fileEncoding = 4; lastKnownFileType = sourcecode.c.h; path = Message.h; sourceTree = "<group>"; };
		F1F8BFA11BDCB4A400154D90 /* Message.m */ = {isa = PBXFileReference; fileEncoding = 4; lastKnownFileType = sourcecode.c.objc; path = Message.m; sourceTree = "<group>"; };
		F1F8BFBA1BDE5D2500154D90 /* BWMessagesViewController.h */ = {isa = PBXFileReference; fileEncoding = 4; lastKnownFileType = sourcecode.c.h; path = BWMessagesViewController.h; sourceTree = "<group>"; };
		F1F8BFBB1BDE5D2500154D90 /* BWMessagesViewController.m */ = {isa = PBXFileReference; fileEncoding = 4; lastKnownFileType = sourcecode.c.objc; path = BWMessagesViewController.m; sourceTree = "<group>"; };
/* End PBXFileReference section */

/* Begin PBXFrameworksBuildPhase section */
		15EA4AD91B98A9D7006CD602 /* Frameworks */ = {
			isa = PBXFrameworksBuildPhase;
			buildActionMask = 2147483647;
			files = (
				900072241BC7C1EF003B2562 /* AudioToolbox.framework in Frameworks */,
				900072221BC7C1E5003B2562 /* CFNetwork.framework in Frameworks */,
				9027211E1BBBE5A500108D1E /* QuartzCore.framework in Frameworks */,
				900072201BC7C1C5003B2562 /* Security.framework in Frameworks */,
				9000721E1BC7C1BD003B2562 /* StoreKit.framework in Frameworks */,
				9000721C1BC7C1B2003B2562 /* libsqlite3.dylib in Frameworks */,
				9000721A1BC7C19E003B2562 /* Social.framework in Frameworks */,
				900072181BC7C198003B2562 /* Accounts.framework in Frameworks */,
				902721211BBBE75600108D1E /* SystemConfiguration.framework in Frameworks */,
				9027211C1BBBE59C00108D1E /* OpenGLES.framework in Frameworks */,
				9027211A1BBBE59100108D1E /* libz.dylib in Frameworks */,
				902721181BBBE58100108D1E /* libicucore.dylib in Frameworks */,
				902721161BBBE56500108D1E /* libc++.dylib in Frameworks */,
				900072141BC7BE4B003B2562 /* Parse.framework in Frameworks */,
				902721141BBBE55200108D1E /* ImageIO.framework in Frameworks */,
				902721121BBBE54600108D1E /* GLKit.framework in Frameworks */,
				902721101BBBE53400108D1E /* CoreText.framework in Frameworks */,
				9027210E1BBBE52500108D1E /* CoreLocation.framework in Frameworks */,
				9000720F1BC6F9C1003B2562 /* Crashlytics.framework in Frameworks */,
				9027210C1BBBE51500108D1E /* Accelerate.framework in Frameworks */,
				903F071D1BD3A6960072386B /* libDHxls.a in Frameworks */,
				9000720E1BC6F9C1003B2562 /* Fabric.framework in Frameworks */,
				9027210A1BBBE50B00108D1E /* CoreBluetooth.framework in Frameworks */,
				900072161BC7C0EA003B2562 /* Bolts.framework in Frameworks */,
				902721061BBBE48B00108D1E /* GoogleMaps.framework in Frameworks */,
				1500ABD91B9C01AE00E0AF6C /* CoreData.framework in Frameworks */,
				901A3A1D1BE3B01E00581536 /* libCorePlot-CocoaTouch.a in Frameworks */,
			);
			runOnlyForDeploymentPostprocessing = 0;
		};
/* End PBXFrameworksBuildPhase section */

/* Begin PBXGroup section */
		1500ABC41B9ABAD200E0AF6C /* ViewControllers */ = {
			isa = PBXGroup;
			children = (
				15F596371BDD2CBD008F714F /* BWExportTableViewController.h */,
				15F596381BDD2CBD008F714F /* BWExportTableViewController.m */,
				903F07AD1BDCF1B80072386B /* BWSettingsViewController.h */,
				903F07AE1BDCF1B80072386B /* BWSettingsViewController.m */,
				15ED60D61BC95A1600EA6285 /* BWDashBoardViewController.h */,
				15ED60D71BC95A1600EA6285 /* BWDashBoardViewController.m */,
				1500ABC51B9ABAD200E0AF6C /* BWAnalyticsViewController.h */,
				1500ABC61B9ABAD200E0AF6C /* BWAnalyticsViewController.m */,
				1500ABC71B9ABAD200E0AF6C /* BWBinLocatorViewController.h */,
				1500ABC81B9ABAD200E0AF6C /* BWBinLocatorViewController.m */,
				1500ABC91B9ABAD200E0AF6C /* BWFillLevelsViewController.h */,
				1500ABCA1B9ABAD200E0AF6C /* BWFillLevelsViewController.m */,
				321C58D11BBCDF4300F025AA /* BinDetailsViewController.h */,
				321C58D21BBCDF4300F025AA /* BinDetailsViewController.m */,
				15ED60D31BC94B8C00EA6285 /* BWAnalyseViewController.h */,
				15ED60D41BC94B8C00EA6285 /* BWAnalyseViewController.m */,
				F1F8BFBA1BDE5D2500154D90 /* BWMessagesViewController.h */,
				F1F8BFBB1BDE5D2500154D90 /* BWMessagesViewController.m */,
			);
			path = ViewControllers;
			sourceTree = "<group>";
		};
		1500ABE01B9C080500E0AF6C /* DataHandler */ = {
			isa = PBXGroup;
			children = (
				1500ABE11B9C080500E0AF6C /* BWDataHandler.h */,
				1500ABE21B9C080500E0AF6C /* BWDataHandler.m */,
			);
			path = DataHandler;
			sourceTree = "<group>";
		};
		1500ABE31B9C080500E0AF6C /* DataModel */ = {
			isa = PBXGroup;
			children = (
				1500ABE41B9C080500E0AF6C /* BinWatch.xcdatamodeld */,
			);
			path = DataModel;
			sourceTree = "<group>";
		};
		1500ABEF1B9C080D00E0AF6C /* ConnectionHandler */ = {
			isa = PBXGroup;
			children = (
				1500ABF01B9C080D00E0AF6C /* BWConnectionHandler.h */,
				1500ABF11B9C080D00E0AF6C /* BWConnectionHandler.m */,
			);
			path = ConnectionHandler;
			sourceTree = "<group>";
		};
		1500ABFC1B9C10CF00E0AF6C /* DataModelClass */ = {
			isa = PBXGroup;
			children = (
				1500ABFD1B9C10CF00E0AF6C /* Bin.h */,
				1500ABFE1B9C10CF00E0AF6C /* Bin.m */,
			);
			path = DataModelClass;
			sourceTree = "<group>";
		};
		1518749B1BCC19400076BD21 /* PieChart */ = {
			isa = PBXGroup;
			children = (
				1518749C1BCC19720076BD21 /* UIColor+HexColor.h */,
				1518749D1BCC19720076BD21 /* UIColor+HexColor.m */,
				1518749E1BCC19720076BD21 /* VBPieChart.h */,
				1518749F1BCC19720076BD21 /* VBPieChart.m */,
				151874A01BCC19720076BD21 /* VBPiePiece.h */,
				151874A11BCC19720076BD21 /* VBPiePiece.m */,
			);
			name = PieChart;
			sourceTree = "<group>";
		};
		159547971BE2745C0021D2F0 /* UUChart */ = {
			isa = PBXGroup;
			children = (
				159547981BE274720021D2F0 /* UUBar.h */,
				159547991BE274720021D2F0 /* UUBar.m */,
				1595479A1BE274720021D2F0 /* UUBarChart.h */,
				1595479B1BE274720021D2F0 /* UUBarChart.m */,
				1595479C1BE274720021D2F0 /* UUChart.h */,
				1595479D1BE274720021D2F0 /* UUChart.m */,
				1595479E1BE274720021D2F0 /* UUChartLabel.h */,
				1595479F1BE274720021D2F0 /* UUChartLabel.m */,
				159547A01BE274720021D2F0 /* UUColor.h */,
				159547A11BE274720021D2F0 /* UUColor.m */,
				159547A21BE274720021D2F0 /* UULineChart.h */,
				159547A31BE274720021D2F0 /* UULineChart.m */,
			);
			name = UUChart;
			sourceTree = "<group>";
		};
		15EA4AD31B98A9D7006CD602 = {
			isa = PBXGroup;
			children = (
				9027211F1BBBE5BF00108D1E /* Frameworks */,
				15EA4ADE1B98A9D7006CD602 /* BinWatch */,
				15EA4AFB1B98A9D7006CD602 /* BinWatchTests */,
				15EA4ADD1B98A9D7006CD602 /* Products */,
			);
			sourceTree = "<group>";
		};
		15EA4ADD1B98A9D7006CD602 /* Products */ = {
			isa = PBXGroup;
			children = (
				15EA4ADC1B98A9D7006CD602 /* BinWatch.app */,
				15EA4AF81B98A9D7006CD602 /* BinWatchTests.xctest */,
			);
			name = Products;
			sourceTree = "<group>";
		};
		15EA4ADE1B98A9D7006CD602 /* BinWatch */ = {
			isa = PBXGroup;
			children = (
				F19AB6811BA1CF5C0084A879 /* AppDelegate.h */,
				F19AB6821BA1CF5C0084A879 /* AppDelegate.m */,
				F1F2B8F71BC6E55A0019E662 /* Google Maps */,
				F1F2B9051BC6E55A0019E662 /* Third Party */,
				1500ABEF1B9C080D00E0AF6C /* ConnectionHandler */,
				1500ABFC1B9C10CF00E0AF6C /* DataModelClass */,
				1500ABE01B9C080500E0AF6C /* DataHandler */,
				F19AB6851BA2BD4C0084A879 /* Utility */,
				1500ABE31B9C080500E0AF6C /* DataModel */,
				F19AB6861BA2BD710084A879 /* UI */,
				15EA4AEC1B98A9D7006CD602 /* Main.storyboard */,
				F1F8BF8F1BDCA87700154D90 /* UserMode.storyboard */,
				15EA4AF11B98A9D7006CD602 /* LaunchScreen.xib */,
				15EA4AEF1B98A9D7006CD602 /* Images.xcassets */,
				15EA4ADF1B98A9D7006CD602 /* Supporting Files */,
			);
			path = BinWatch;
			sourceTree = "<group>";
		};
		15EA4ADF1B98A9D7006CD602 /* Supporting Files */ = {
			isa = PBXGroup;
			children = (
				1500ABDB1B9C047D00E0AF6C /* BinWatch-Prefix.pch */,
				15EA4AE01B98A9D7006CD602 /* Info.plist */,
				15EA4AE11B98A9D7006CD602 /* main.m */,
			);
			name = "Supporting Files";
			sourceTree = "<group>";
		};
		15EA4AFB1B98A9D7006CD602 /* BinWatchTests */ = {
			isa = PBXGroup;
			children = (
				15EA4AFE1B98A9D7006CD602 /* BinWatchTests.m */,
				15EA4AFC1B98A9D7006CD602 /* Supporting Files */,
			);
			path = BinWatchTests;
			sourceTree = "<group>";
		};
		15EA4AFC1B98A9D7006CD602 /* Supporting Files */ = {
			isa = PBXGroup;
			children = (
				15EA4AFD1B98A9D7006CD602 /* Info.plist */,
			);
			name = "Supporting Files";
			sourceTree = "<group>";
		};
		15ED60CA1BC8365F00EA6285 /* CustomViews */ = {
			isa = PBXGroup;
			children = (
				F1F8BF9D1BDCB48C00154D90 /* ChatDialogViewCell.h */,
				F1F8BF9E1BDCB48C00154D90 /* ChatDialogViewCell.m */,
				32861A8B1BC4A1D400D0568F /* GradientView.h */,
				32861A8C1BC4A1D400D0568F /* GradientView.m */,
				F1F8BF921BDCA89700154D90 /* BWAnalyseTableViewCell.h */,
				F1F8BF931BDCA89700154D90 /* BWAnalyseTableViewCell.m */,
				F1F8BF941BDCA89700154D90 /* BWDatePickerView.h */,
				F1F8BF951BDCA89700154D90 /* BWDatePickerView.m */,
				F1F8BF961BDCA89700154D90 /* BWDatePickerView.xib */,
				F1F8BF971BDCA89700154D90 /* QueryParameterCell.h */,
				F1F8BF981BDCA89700154D90 /* QueryParameterCell.m */,
			);
			name = CustomViews;
			sourceTree = "<group>";
		};
		900072251BC94D11003B2562 /* Google Maps */ = {
			isa = PBXGroup;
			children = (
				F1F2B8FC1BC6E55A0019E662 /* SPGooglePlacesAutocomplete.h */,
				F1F2B8FD1BC6E55A0019E662 /* SPGooglePlacesAutocompletePlace.h */,
				F1F2B8FE1BC6E55A0019E662 /* SPGooglePlacesAutocompletePlace.m */,
				F1F2B8FF1BC6E55A0019E662 /* SPGooglePlacesAutocompleteQuery.h */,
				F1F2B9001BC6E55A0019E662 /* SPGooglePlacesAutocompleteQuery.m */,
				F1F2B9011BC6E55A0019E662 /* SPGooglePlacesAutocompleteUtilities.h */,
				F1F2B9021BC6E55A0019E662 /* SPGooglePlacesAutocompleteUtilities.m */,
				F1F2B9031BC6E55A0019E662 /* SPGooglePlacesPlaceDetailQuery.h */,
				F1F2B9041BC6E55A0019E662 /* SPGooglePlacesPlaceDetailQuery.m */,
			);
			name = "Google Maps";
			sourceTree = "<group>";
		};
		9027211F1BBBE5BF00108D1E /* Frameworks */ = {
			isa = PBXGroup;
			children = (
				901A3A1C1BE3B01E00581536 /* libCorePlot-CocoaTouch.a */,
				900072151BC7C0EA003B2562 /* Bolts.framework */,
				900072131BC7BE4B003B2562 /* Parse.framework */,
				9000720C1BC6F9C1003B2562 /* Fabric.framework */,
				9000720D1BC6F9C1003B2562 /* Crashlytics.framework */,
				900072231BC7C1EF003B2562 /* AudioToolbox.framework */,
				900072211BC7C1E5003B2562 /* CFNetwork.framework */,
				9000721F1BC7C1C5003B2562 /* Security.framework */,
				9000721D1BC7C1BD003B2562 /* StoreKit.framework */,
				9000721B1BC7C1B2003B2562 /* libsqlite3.dylib */,
				900072191BC7C19E003B2562 /* Social.framework */,
				900072171BC7C198003B2562 /* Accounts.framework */,
				903F071C1BD3A6960072386B /* libDHxls.a */,
				902721201BBBE75600108D1E /* SystemConfiguration.framework */,
				9027211D1BBBE5A500108D1E /* QuartzCore.framework */,
				9027211B1BBBE59C00108D1E /* OpenGLES.framework */,
				902721191BBBE59100108D1E /* libz.dylib */,
				902721171BBBE58100108D1E /* libicucore.dylib */,
				902721151BBBE56500108D1E /* libc++.dylib */,
				902721131BBBE55200108D1E /* ImageIO.framework */,
				902721111BBBE54600108D1E /* GLKit.framework */,
				9027210F1BBBE53400108D1E /* CoreText.framework */,
				9027210D1BBBE52500108D1E /* CoreLocation.framework */,
				9027210B1BBBE51500108D1E /* Accelerate.framework */,
				902721091BBBE50B00108D1E /* CoreBluetooth.framework */,
				902721071BBBE4CD00108D1E /* GoogleMaps.bundle */,
				902721051BBBE48B00108D1E /* GoogleMaps.framework */,
				1500ABD81B9C01AE00E0AF6C /* CoreData.framework */,
			);
			name = Frameworks;
			sourceTree = "<group>";
		};
		F19AB6851BA2BD4C0084A879 /* Utility */ = {
			isa = PBXGroup;
			children = (
				F1D8A82D1C098B9600758CAC /* LoginHandler.h */,
				F1D8A82E1C098B9600758CAC /* LoginHandler.m */,
				F1F8BFA01BDCB4A400154D90 /* Message.h */,
				F1F8BFA11BDCB4A400154D90 /* Message.m */,
				F1F2B9321BCBEA250019E662 /* BWConstants.h */,
				F1F2B9331BCBEA250019E662 /* BWConstants.m */,
				903F05DA1BD0194C0072386B /* BWDocumentHelper.h */,
				903F05DB1BD0194C0072386B /* BWDocumentHelper.mm */,
				900072641BCA69C6003B2562 /* BWSettingsControl.h */,
				900072651BCA69C6003B2562 /* BWSettingsControl.m */,
				F19AB6441B9BF5E50084A879 /* BWHelpers.h */,
				F19AB6451B9BF5E50084A879 /* BWHelpers.m */,
				F19AB6381B9BEB270084A879 /* BWBin.h */,
				F19AB6391B9BEB270084A879 /* BWBin.m */,
				F19AB63A1B9BEB270084A879 /* BWBinCollection.h */,
				F19AB63B1B9BEB270084A879 /* BWBinCollection.m */,
				32861AA41BC4D09100D0568F /* BWViewRenderingHelper.h */,
				32861AA51BC4D09100D0568F /* BWViewRenderingHelper.m */,
				900072101BC700F7003B2562 /* BWLogger.h */,
				900072111BC700F7003B2562 /* BWLogger.m */,
				900072671BCAD851003B2562 /* BWAppSettings.h */,
				900072681BCAD851003B2562 /* BWAppSettings.m */,
				903F071E1BD3AAF40072386B /* BWMailer.h */,
				903F071F1BD3AAF40072386B /* BWMailer.m */,
			);
			name = Utility;
			sourceTree = "<group>";
		};
		F19AB6861BA2BD710084A879 /* UI */ = {
			isa = PBXGroup;
			children = (
				15ED60CA1BC8365F00EA6285 /* CustomViews */,
				1500ABC41B9ABAD200E0AF6C /* ViewControllers */,
			);
			name = UI;
			sourceTree = "<group>";
		};
		F1F2B8F71BC6E55A0019E662 /* Google Maps */ = {
			isa = PBXGroup;
			children = (
				F1F2B8F81BC6E55A0019E662 /* BWGeocoder.h */,
				F1F2B8F91BC6E55A0019E662 /* BWGeocoder.m */,
				F1F2B8FA1BC6E55A0019E662 /* BWRoute.h */,
				F1F2B8FB1BC6E55A0019E662 /* BWRoute.m */,
				905CDBF21BE1540000A18D96 /* BWDistance.h */,
				905CDBF31BE1540000A18D96 /* BWDistance.m */,
			);
			path = "Google Maps";
			sourceTree = "<group>";
		};
		F1F2B9051BC6E55A0019E662 /* Third Party */ = {
			isa = PBXGroup;
			children = (
				159547971BE2745C0021D2F0 /* UUChart */,
				905CDBEC1BDEAA7800A18D96 /* CPDConstants.h */,
				905CDBED1BDEAA7800A18D96 /* CPDConstants.m */,
				905CDBEE1BDEAA7800A18D96 /* CPDStockPriceStore.h */,
				905CDBEF1BDEAA7800A18D96 /* CPDStockPriceStore.m */,
				905CDBEA1BDEA9D600A18D96 /* CorePlotHeaders */,
				903F07171BD2A99F0072386B /* xlslib */,
				903F07151BD2A8AF0072386B /* include */,
				1518749B1BCC19400076BD21 /* PieChart */,
				900072251BC94D11003B2562 /* Google Maps */,
				F1F2B9061BC6E55A0019E662 /* MBProgressHUD */,
				F1F2B90B1BC6E55A0019E662 /* Reachability */,
			);
			path = "Third Party";
			sourceTree = "<group>";
		};
		F1F2B9061BC6E55A0019E662 /* MBProgressHUD */ = {
			isa = PBXGroup;
			children = (
				F1F2B9071BC6E55A0019E662 /* HudDemoViewController.h */,
				F1F2B9081BC6E55A0019E662 /* HudDemoViewController.m */,
				F1F2B9091BC6E55A0019E662 /* MBProgressHUD.h */,
				F1F2B90A1BC6E55A0019E662 /* MBProgressHUD.m */,
			);
			path = MBProgressHUD;
			sourceTree = "<group>";
		};
		F1F2B90B1BC6E55A0019E662 /* Reachability */ = {
			isa = PBXGroup;
			children = (
				F1F2B90C1BC6E55A0019E662 /* Reachability.h */,
				F1F2B90D1BC6E55A0019E662 /* Reachability.m */,
			);
			path = Reachability;
			sourceTree = "<group>";
		};
/* End PBXGroup section */

/* Begin PBXNativeTarget section */
		15EA4ADB1B98A9D7006CD602 /* BinWatch */ = {
			isa = PBXNativeTarget;
			buildConfigurationList = 15EA4B021B98A9D7006CD602 /* Build configuration list for PBXNativeTarget "BinWatch" */;
			buildPhases = (
				15EA4AD81B98A9D7006CD602 /* Sources */,
				15EA4AD91B98A9D7006CD602 /* Frameworks */,
				15EA4ADA1B98A9D7006CD602 /* Resources */,
				9000720B1BC6F966003B2562 /* ShellScript */,
			);
			buildRules = (
			);
			dependencies = (
			);
			name = BinWatch;
			productName = BinWatch;
			productReference = 15EA4ADC1B98A9D7006CD602 /* BinWatch.app */;
			productType = "com.apple.product-type.application";
		};
		15EA4AF71B98A9D7006CD602 /* BinWatchTests */ = {
			isa = PBXNativeTarget;
			buildConfigurationList = 15EA4B051B98A9D7006CD602 /* Build configuration list for PBXNativeTarget "BinWatchTests" */;
			buildPhases = (
				15EA4AF41B98A9D7006CD602 /* Sources */,
				15EA4AF61B98A9D7006CD602 /* Resources */,
			);
			buildRules = (
			);
			dependencies = (
				15EA4AFA1B98A9D7006CD602 /* PBXTargetDependency */,
			);
			name = BinWatchTests;
			productName = BinWatchTests;
			productReference = 15EA4AF81B98A9D7006CD602 /* BinWatchTests.xctest */;
			productType = "com.apple.product-type.bundle.unit-test";
		};
/* End PBXNativeTarget section */

/* Begin PBXProject section */
		15EA4AD41B98A9D7006CD602 /* Project object */ = {
			isa = PBXProject;
			attributes = {
				LastUpgradeCheck = 0630;
				ORGANIZATIONNAME = Airwatch;
				TargetAttributes = {
					15EA4ADB1B98A9D7006CD602 = {
						CreatedOnToolsVersion = 6.3;
					};
					15EA4AF71B98A9D7006CD602 = {
						CreatedOnToolsVersion = 6.3;
						TestTargetID = 15EA4ADB1B98A9D7006CD602;
					};
				};
			};
			buildConfigurationList = 15EA4AD71B98A9D7006CD602 /* Build configuration list for PBXProject "BinWatch" */;
			compatibilityVersion = "Xcode 3.2";
			developmentRegion = English;
			hasScannedForEncodings = 0;
			knownRegions = (
				en,
				Base,
			);
			mainGroup = 15EA4AD31B98A9D7006CD602;
			productRefGroup = 15EA4ADD1B98A9D7006CD602 /* Products */;
			projectDirPath = "";
			projectRoot = "";
			targets = (
				15EA4ADB1B98A9D7006CD602 /* BinWatch */,
				15EA4AF71B98A9D7006CD602 /* BinWatchTests */,
			);
		};
/* End PBXProject section */

/* Begin PBXResourcesBuildPhase section */
		15EA4ADA1B98A9D7006CD602 /* Resources */ = {
			isa = PBXResourcesBuildPhase;
			buildActionMask = 2147483647;
			files = (
				15EA4AEE1B98A9D7006CD602 /* Main.storyboard in Resources */,
				905CDBEB1BDEA9D600A18D96 /* CorePlotHeaders in Resources */,
				15EA4AF31B98A9D7006CD602 /* LaunchScreen.xib in Resources */,
				15EA4AF01B98A9D7006CD602 /* Images.xcassets in Resources */,
				903F07181BD2A99F0072386B /* xlslib in Resources */,
				903F07161BD2A8AF0072386B /* include in Resources */,
				F1F8BF9B1BDCA89700154D90 /* BWDatePickerView.xib in Resources */,
				F1F8BF911BDCA87700154D90 /* UserMode.storyboard in Resources */,
				902721081BBBE4CD00108D1E /* GoogleMaps.bundle in Resources */,
			);
			runOnlyForDeploymentPostprocessing = 0;
		};
		15EA4AF61B98A9D7006CD602 /* Resources */ = {
			isa = PBXResourcesBuildPhase;
			buildActionMask = 2147483647;
			files = (
			);
			runOnlyForDeploymentPostprocessing = 0;
		};
/* End PBXResourcesBuildPhase section */

/* Begin PBXShellScriptBuildPhase section */
		9000720B1BC6F966003B2562 /* ShellScript */ = {
			isa = PBXShellScriptBuildPhase;
			buildActionMask = 2147483647;
			files = (
			);
			inputPaths = (
			);
			outputPaths = (
			);
			runOnlyForDeploymentPostprocessing = 0;
			shellPath = /bin/sh;
			shellScript = "./Fabric.framework/run fee5af58aac3921b8251d9d22014bd194bfeeda9 8b766616eafa8076e79539e284d77b524380dda0aa81b9ac973cd9bfbfda6f60";
		};
/* End PBXShellScriptBuildPhase section */

/* Begin PBXSourcesBuildPhase section */
		15EA4AD81B98A9D7006CD602 /* Sources */ = {
			isa = PBXSourcesBuildPhase;
			buildActionMask = 2147483647;
			files = (
				F1F2B9161BC6E55A0019E662 /* Reachability.m in Sources */,
				F1F2B90F1BC6E55A0019E662 /* BWRoute.m in Sources */,
				1500ABCD1B9ABAD200E0AF6C /* BWFillLevelsViewController.m in Sources */,
				905CDBF41BE1540000A18D96 /* BWDistance.m in Sources */,
				1500ABE91B9C080500E0AF6C /* BWDataHandler.m in Sources */,
				321C58D31BBCDF4300F025AA /* BinDetailsViewController.m in Sources */,
				159547A91BE274720021D2F0 /* UULineChart.m in Sources */,
				905CDBF01BDEAA7800A18D96 /* CPDConstants.m in Sources */,
				1500ABCC1B9ABAD200E0AF6C /* BWBinLocatorViewController.m in Sources */,
				F19AB63E1B9BEB270084A879 /* BWBinCollection.m in Sources */,
				159547A81BE274720021D2F0 /* UUColor.m in Sources */,
				151874A21BCC19720076BD21 /* UIColor+HexColor.m in Sources */,
				F1F8BF9C1BDCA89700154D90 /* QueryParameterCell.m in Sources */,
				15ED60D51BC94B8C00EA6285 /* BWAnalyseViewController.m in Sources */,
				1500ABCB1B9ABAD200E0AF6C /* BWAnalyticsViewController.m in Sources */,
				F1F2B9141BC6E55A0019E662 /* HudDemoViewController.m in Sources */,
				151874A31BCC19720076BD21 /* VBPieChart.m in Sources */,
				F1F8BF991BDCA89700154D90 /* BWAnalyseTableViewCell.m in Sources */,
				159547A61BE274720021D2F0 /* UUChart.m in Sources */,
				F1F8BFBC1BDE5D2500154D90 /* BWMessagesViewController.m in Sources */,
				F1F8BF9F1BDCB48C00154D90 /* ChatDialogViewCell.m in Sources */,
				905CDBF11BDEAA7800A18D96 /* CPDStockPriceStore.m in Sources */,
				32861A8E1BC4A1D400D0568F /* GradientView.m in Sources */,
				F19AB63D1B9BEB270084A879 /* BWBin.m in Sources */,
				F1F8BFA21BDCB4A400154D90 /* Message.m in Sources */,
				F1F2B9101BC6E55A0019E662 /* SPGooglePlacesAutocompletePlace.m in Sources */,
				903F05DC1BD0194C0072386B /* BWDocumentHelper.mm in Sources */,
				15F596391BDD2CBD008F714F /* BWExportTableViewController.m in Sources */,
				151874A41BCC19720076BD21 /* VBPiePiece.m in Sources */,
				900072121BC700F7003B2562 /* BWLogger.m in Sources */,
				1500ABFF1B9C10CF00E0AF6C /* Bin.m in Sources */,
				F1F2B9131BC6E55A0019E662 /* SPGooglePlacesPlaceDetailQuery.m in Sources */,
				F1F2B9111BC6E55A0019E662 /* SPGooglePlacesAutocompleteQuery.m in Sources */,
				F19AB6831BA1CF5C0084A879 /* AppDelegate.m in Sources */,
				1500ABF21B9C080D00E0AF6C /* BWConnectionHandler.m in Sources */,
				159547A41BE274720021D2F0 /* UUBar.m in Sources */,
				F1F2B9341BCBEA250019E662 /* BWConstants.m in Sources */,
				1500ABEB1B9C080500E0AF6C /* BinWatch.xcdatamodeld in Sources */,
				903F07AF1BDCF1B80072386B /* BWSettingsViewController.m in Sources */,
				F1F2B9151BC6E55A0019E662 /* MBProgressHUD.m in Sources */,
				159547A71BE274720021D2F0 /* UUChartLabel.m in Sources */,
				F1F8BF9A1BDCA89700154D90 /* BWDatePickerView.m in Sources */,
				32861AA61BC4D09100D0568F /* BWViewRenderingHelper.m in Sources */,
				F1F2B90E1BC6E55A0019E662 /* BWGeocoder.m in Sources */,
				F1D8A82F1C098B9600758CAC /* LoginHandler.m in Sources */,
				900072661BCA69C6003B2562 /* BWSettingsControl.m in Sources */,
				F1F2B9121BC6E55A0019E662 /* SPGooglePlacesAutocompleteUtilities.m in Sources */,
				159547A51BE274720021D2F0 /* UUBarChart.m in Sources */,
				15ED60D81BC95A1600EA6285 /* BWDashBoardViewController.m in Sources */,
				15EA4AE21B98A9D7006CD602 /* main.m in Sources */,
				F19AB6461B9BF5E50084A879 /* BWHelpers.m in Sources */,
				903F07201BD3AAF40072386B /* BWMailer.m in Sources */,
				900072691BCAD851003B2562 /* BWAppSettings.m in Sources */,
			);
			runOnlyForDeploymentPostprocessing = 0;
		};
		15EA4AF41B98A9D7006CD602 /* Sources */ = {
			isa = PBXSourcesBuildPhase;
			buildActionMask = 2147483647;
			files = (
				1500ABEC1B9C080500E0AF6C /* BinWatch.xcdatamodeld in Sources */,
				1500AC001B9C10CF00E0AF6C /* Bin.m in Sources */,
				1500ABEA1B9C080500E0AF6C /* BWDataHandler.m in Sources */,
				15EA4AFF1B98A9D7006CD602 /* BinWatchTests.m in Sources */,
				1500ABF31B9C080D00E0AF6C /* BWConnectionHandler.m in Sources */,
			);
			runOnlyForDeploymentPostprocessing = 0;
		};
/* End PBXSourcesBuildPhase section */

/* Begin PBXTargetDependency section */
		15EA4AFA1B98A9D7006CD602 /* PBXTargetDependency */ = {
			isa = PBXTargetDependency;
			target = 15EA4ADB1B98A9D7006CD602 /* BinWatch */;
			targetProxy = 15EA4AF91B98A9D7006CD602 /* PBXContainerItemProxy */;
		};
/* End PBXTargetDependency section */

/* Begin PBXVariantGroup section */
		15EA4AEC1B98A9D7006CD602 /* Main.storyboard */ = {
			isa = PBXVariantGroup;
			children = (
				15EA4AED1B98A9D7006CD602 /* Base */,
			);
			name = Main.storyboard;
			sourceTree = "<group>";
		};
		15EA4AF11B98A9D7006CD602 /* LaunchScreen.xib */ = {
			isa = PBXVariantGroup;
			children = (
				15EA4AF21B98A9D7006CD602 /* Base */,
			);
			name = LaunchScreen.xib;
			sourceTree = "<group>";
		};
		F1F8BF8F1BDCA87700154D90 /* UserMode.storyboard */ = {
			isa = PBXVariantGroup;
			children = (
				F1F8BF901BDCA87700154D90 /* Base */,
			);
			name = UserMode.storyboard;
			sourceTree = "<group>";
		};
/* End PBXVariantGroup section */

/* Begin XCBuildConfiguration section */
		15EA4B001B98A9D7006CD602 /* Debug */ = {
			isa = XCBuildConfiguration;
			buildSettings = {
				ALWAYS_SEARCH_USER_PATHS = NO;
				CLANG_CXX_LANGUAGE_STANDARD = "gnu++0x";
				CLANG_CXX_LIBRARY = "libc++";
				CLANG_ENABLE_MODULES = YES;
				CLANG_ENABLE_OBJC_ARC = YES;
				CLANG_WARN_BOOL_CONVERSION = YES;
				CLANG_WARN_CONSTANT_CONVERSION = YES;
				CLANG_WARN_DIRECT_OBJC_ISA_USAGE = YES_ERROR;
				CLANG_WARN_EMPTY_BODY = YES;
				CLANG_WARN_ENUM_CONVERSION = YES;
				CLANG_WARN_INT_CONVERSION = YES;
				CLANG_WARN_OBJC_ROOT_CLASS = YES_ERROR;
				CLANG_WARN_UNREACHABLE_CODE = YES;
				CLANG_WARN__DUPLICATE_METHOD_MATCH = YES;
				CODE_SIGN_IDENTITY = "iPhone Developer: seema kadavan (2WGVF39EB2)";
				"CODE_SIGN_IDENTITY[sdk=iphoneos*]" = "";
				COPY_PHASE_STRIP = NO;
				DEBUG_INFORMATION_FORMAT = "dwarf-with-dsym";
				ENABLE_STRICT_OBJC_MSGSEND = YES;
				GCC_C_LANGUAGE_STANDARD = gnu99;
				GCC_DYNAMIC_NO_PIC = NO;
				GCC_NO_COMMON_BLOCKS = YES;
				GCC_OPTIMIZATION_LEVEL = 0;
				GCC_PREPROCESSOR_DEFINITIONS = (
					"DEBUG=1",
					"$(inherited)",
				);
				GCC_SYMBOLS_PRIVATE_EXTERN = NO;
				GCC_WARN_64_TO_32_BIT_CONVERSION = YES;
				GCC_WARN_ABOUT_RETURN_TYPE = YES_ERROR;
				GCC_WARN_UNDECLARED_SELECTOR = YES;
				GCC_WARN_UNINITIALIZED_AUTOS = YES_AGGRESSIVE;
				GCC_WARN_UNUSED_FUNCTION = YES;
				GCC_WARN_UNUSED_VARIABLE = YES;
				IPHONEOS_DEPLOYMENT_TARGET = 8.3;
				MTL_ENABLE_DEBUG_INFO = YES;
				ONLY_ACTIVE_ARCH = YES;
				PROVISIONING_PROFILE = "4f9de5cf-5f13-4edc-85dc-4536d5b7e677";
				SDKROOT = iphoneos;
				TARGETED_DEVICE_FAMILY = "1,2";
			};
			name = Debug;
		};
		15EA4B011B98A9D7006CD602 /* Release */ = {
			isa = XCBuildConfiguration;
			buildSettings = {
				ALWAYS_SEARCH_USER_PATHS = NO;
				CLANG_CXX_LANGUAGE_STANDARD = "gnu++0x";
				CLANG_CXX_LIBRARY = "libc++";
				CLANG_ENABLE_MODULES = YES;
				CLANG_ENABLE_OBJC_ARC = YES;
				CLANG_WARN_BOOL_CONVERSION = YES;
				CLANG_WARN_CONSTANT_CONVERSION = YES;
				CLANG_WARN_DIRECT_OBJC_ISA_USAGE = YES_ERROR;
				CLANG_WARN_EMPTY_BODY = YES;
				CLANG_WARN_ENUM_CONVERSION = YES;
				CLANG_WARN_INT_CONVERSION = YES;
				CLANG_WARN_OBJC_ROOT_CLASS = YES_ERROR;
				CLANG_WARN_UNREACHABLE_CODE = YES;
				CLANG_WARN__DUPLICATE_METHOD_MATCH = YES;
				CODE_SIGN_IDENTITY = "iPhone Developer: seema kadavan (2WGVF39EB2)";
				"CODE_SIGN_IDENTITY[sdk=iphoneos*]" = "";
				COPY_PHASE_STRIP = NO;
				DEBUG_INFORMATION_FORMAT = "dwarf-with-dsym";
				ENABLE_NS_ASSERTIONS = NO;
				ENABLE_STRICT_OBJC_MSGSEND = YES;
				GCC_C_LANGUAGE_STANDARD = gnu99;
				GCC_NO_COMMON_BLOCKS = YES;
				GCC_WARN_64_TO_32_BIT_CONVERSION = YES;
				GCC_WARN_ABOUT_RETURN_TYPE = YES_ERROR;
				GCC_WARN_UNDECLARED_SELECTOR = YES;
				GCC_WARN_UNINITIALIZED_AUTOS = YES_AGGRESSIVE;
				GCC_WARN_UNUSED_FUNCTION = YES;
				GCC_WARN_UNUSED_VARIABLE = YES;
				IPHONEOS_DEPLOYMENT_TARGET = 8.3;
				MTL_ENABLE_DEBUG_INFO = NO;
				PROVISIONING_PROFILE = "4f9de5cf-5f13-4edc-85dc-4536d5b7e677";
				SDKROOT = iphoneos;
				TARGETED_DEVICE_FAMILY = "1,2";
				VALIDATE_PRODUCT = YES;
			};
			name = Release;
		};
		15EA4B031B98A9D7006CD602 /* Debug */ = {
			isa = XCBuildConfiguration;
			buildSettings = {
				ASSETCATALOG_COMPILER_APPICON_NAME = AppIcon;
				CODE_SIGN_IDENTITY = "iPhone Developer: seema kadavan (2WGVF39EB2)";
				ENABLE_BITCODE = NO;
				FRAMEWORK_SEARCH_PATHS = (
					"$(inherited)",
					"$(PROJECT_DIR)",
				);
				GCC_PREFIX_HEADER = "BinWatch/BinWatch-Prefix.pch";
				HEADER_SEARCH_PATHS = (
					"$(inherited)",
					/Applications/Xcode.app/Contents/Developer/Toolchains/XcodeDefault.xctoolchain/usr/include,
					"../**",
				);
				INFOPLIST_FILE = BinWatch/Info.plist;
				IPHONEOS_DEPLOYMENT_TARGET = 7.1;
				LD_RUNPATH_SEARCH_PATHS = "$(inherited) @executable_path/Frameworks";
				LIBRARY_SEARCH_PATHS = (
					"$(inherited)",
					"$(PROJECT_DIR)",
				);
				OTHER_LDFLAGS = "-ObjC";
				PRODUCT_NAME = "$(TARGET_NAME)";
				PROVISIONING_PROFILE = "4f9de5cf-5f13-4edc-85dc-4536d5b7e677";
				TARGETED_DEVICE_FAMILY = "1,2";
			};
			name = Debug;
		};
		15EA4B041B98A9D7006CD602 /* Release */ = {
			isa = XCBuildConfiguration;
			buildSettings = {
				ASSETCATALOG_COMPILER_APPICON_NAME = AppIcon;
				CODE_SIGN_IDENTITY = "iPhone Developer: seema kadavan (2WGVF39EB2)";
				ENABLE_BITCODE = NO;
				FRAMEWORK_SEARCH_PATHS = (
					"$(inherited)",
					"$(PROJECT_DIR)",
				);
				GCC_PREFIX_HEADER = "BinWatch/BinWatch-Prefix.pch";
				HEADER_SEARCH_PATHS = (
					"$(inherited)",
					/Applications/Xcode.app/Contents/Developer/Toolchains/XcodeDefault.xctoolchain/usr/include,
					"../**",
				);
				INFOPLIST_FILE = BinWatch/Info.plist;
				IPHONEOS_DEPLOYMENT_TARGET = 7.1;
				LD_RUNPATH_SEARCH_PATHS = "$(inherited) @executable_path/Frameworks";
				LIBRARY_SEARCH_PATHS = (
					"$(inherited)",
					"$(PROJECT_DIR)",
				);
				OTHER_LDFLAGS = "-ObjC";
				PRODUCT_NAME = "$(TARGET_NAME)";
				PROVISIONING_PROFILE = "4f9de5cf-5f13-4edc-85dc-4536d5b7e677";
				TARGETED_DEVICE_FAMILY = "1,2";
			};
			name = Release;
		};
		15EA4B061B98A9D7006CD602 /* Debug */ = {
			isa = XCBuildConfiguration;
			buildSettings = {
				BUNDLE_LOADER = "$(TEST_HOST)";
				CODE_SIGN_IDENTITY = "iPhone Developer: seema kadavan (2WGVF39EB2)";
				FRAMEWORK_SEARCH_PATHS = (
					"$(SDKROOT)/Developer/Library/Frameworks",
					"$(inherited)",
				);
				GCC_PREPROCESSOR_DEFINITIONS = (
					"DEBUG=1",
					"$(inherited)",
				);
				INFOPLIST_FILE = BinWatchTests/Info.plist;
				LD_RUNPATH_SEARCH_PATHS = "$(inherited) @executable_path/Frameworks @loader_path/Frameworks";
				PRODUCT_NAME = "$(TARGET_NAME)";
				PROVISIONING_PROFILE = "4f9de5cf-5f13-4edc-85dc-4536d5b7e677";
				TEST_HOST = "$(BUILT_PRODUCTS_DIR)/BinWatch.app/BinWatch";
			};
			name = Debug;
		};
		15EA4B071B98A9D7006CD602 /* Release */ = {
			isa = XCBuildConfiguration;
			buildSettings = {
				BUNDLE_LOADER = "$(TEST_HOST)";
				CODE_SIGN_IDENTITY = "iPhone Developer: seema kadavan (2WGVF39EB2)";
				FRAMEWORK_SEARCH_PATHS = (
					"$(SDKROOT)/Developer/Library/Frameworks",
					"$(inherited)",
				);
				INFOPLIST_FILE = BinWatchTests/Info.plist;
				LD_RUNPATH_SEARCH_PATHS = "$(inherited) @executable_path/Frameworks @loader_path/Frameworks";
				PRODUCT_NAME = "$(TARGET_NAME)";
				PROVISIONING_PROFILE = "4f9de5cf-5f13-4edc-85dc-4536d5b7e677";
				TEST_HOST = "$(BUILT_PRODUCTS_DIR)/BinWatch.app/BinWatch";
			};
			name = Release;
		};
/* End XCBuildConfiguration section */

/* Begin XCConfigurationList section */
		15EA4AD71B98A9D7006CD602 /* Build configuration list for PBXProject "BinWatch" */ = {
			isa = XCConfigurationList;
			buildConfigurations = (
				15EA4B001B98A9D7006CD602 /* Debug */,
				15EA4B011B98A9D7006CD602 /* Release */,
			);
			defaultConfigurationIsVisible = 0;
			defaultConfigurationName = Release;
		};
		15EA4B021B98A9D7006CD602 /* Build configuration list for PBXNativeTarget "BinWatch" */ = {
			isa = XCConfigurationList;
			buildConfigurations = (
				15EA4B031B98A9D7006CD602 /* Debug */,
				15EA4B041B98A9D7006CD602 /* Release */,
			);
			defaultConfigurationIsVisible = 0;
			defaultConfigurationName = Release;
		};
		15EA4B051B98A9D7006CD602 /* Build configuration list for PBXNativeTarget "BinWatchTests" */ = {
			isa = XCConfigurationList;
			buildConfigurations = (
				15EA4B061B98A9D7006CD602 /* Debug */,
				15EA4B071B98A9D7006CD602 /* Release */,
			);
			defaultConfigurationIsVisible = 0;
			defaultConfigurationName = Release;
		};
/* End XCConfigurationList section */

/* Begin XCVersionGroup section */
		1500ABE41B9C080500E0AF6C /* BinWatch.xcdatamodeld */ = {
			isa = XCVersionGroup;
			children = (
				1500ABE51B9C080500E0AF6C /* BinWatch.xcdatamodel */,
			);
			currentVersion = 1500ABE51B9C080500E0AF6C /* BinWatch.xcdatamodel */;
			path = BinWatch.xcdatamodeld;
			sourceTree = "<group>";
			versionGroupType = wrapper.xcdatamodel;
		};
/* End XCVersionGroup section */
	};
	rootObject = 15EA4AD41B98A9D7006CD602 /* Project object */;
}
