// !$*UTF8*$!
{
	archiveVersion = 1;
	classes = {
	};
	objectVersion = 46;
	objects = {

/* Begin PBXBuildFile section */
		1500ABCB1B9ABAD200E0AF6C /* BWAnalyticsViewController.m in Sources */ = {isa = PBXBuildFile; fileRef = 1500ABC61B9ABAD200E0AF6C /* BWAnalyticsViewController.m */; };
		1500ABCC1B9ABAD200E0AF6C /* BWBinLocatorViewController.m in Sources */ = {isa = PBXBuildFile; fileRef = 1500ABC81B9ABAD200E0AF6C /* BWBinLocatorViewController.m */; };
		1500ABCD1B9ABAD200E0AF6C /* BWFillLevelsViewController.m in Sources */ = {isa = PBXBuildFile; fileRef = 1500ABCA1B9ABAD200E0AF6C /* BWFillLevelsViewController.m */; };
		1500ABD11B9ABADB00E0AF6C /* DataHandler.m in Sources */ = {isa = PBXBuildFile; fileRef = 1500ABD01B9ABADB00E0AF6C /* DataHandler.m */; };
		15EA4AE21B98A9D7006CD602 /* main.m in Sources */ = {isa = PBXBuildFile; fileRef = 15EA4AE11B98A9D7006CD602 /* main.m */; };
		15EA4AE51B98A9D7006CD602 /* AppDelegate.m in Sources */ = {isa = PBXBuildFile; fileRef = 15EA4AE41B98A9D7006CD602 /* AppDelegate.m */; };
		15EA4AEE1B98A9D7006CD602 /* Main.storyboard in Resources */ = {isa = PBXBuildFile; fileRef = 15EA4AEC1B98A9D7006CD602 /* Main.storyboard */; };
		15EA4AF01B98A9D7006CD602 /* Images.xcassets in Resources */ = {isa = PBXBuildFile; fileRef = 15EA4AEF1B98A9D7006CD602 /* Images.xcassets */; };
		15EA4AF31B98A9D7006CD602 /* LaunchScreen.xib in Resources */ = {isa = PBXBuildFile; fileRef = 15EA4AF11B98A9D7006CD602 /* LaunchScreen.xib */; };
		15EA4AFF1B98A9D7006CD602 /* BinWatchTests.m in Sources */ = {isa = PBXBuildFile; fileRef = 15EA4AFE1B98A9D7006CD602 /* BinWatchTests.m */; };
		F19AB63D1B9BEB270084A879 /* BWBin.m in Sources */ = {isa = PBXBuildFile; fileRef = F19AB6391B9BEB270084A879 /* BWBin.m */; };
		F19AB63E1B9BEB270084A879 /* BWBinCollection.m in Sources */ = {isa = PBXBuildFile; fileRef = F19AB63B1B9BEB270084A879 /* BWBinCollection.m */; };
		F19AB6411B9BEE3B0084A879 /* BinDataModel.xcdatamodeld in Sources */ = {isa = PBXBuildFile; fileRef = F19AB63F1B9BEE3B0084A879 /* BinDataModel.xcdatamodeld */; };
		F19AB6461B9BF5E50084A879 /* ObjectParser.m in Sources */ = {isa = PBXBuildFile; fileRef = F19AB6451B9BF5E50084A879 /* ObjectParser.m */; };
/* End PBXBuildFile section */

/* Begin PBXContainerItemProxy section */
		15EA4AF91B98A9D7006CD602 /* PBXContainerItemProxy */ = {
			isa = PBXContainerItemProxy;
			containerPortal = 15EA4AD41B98A9D7006CD602 /* Project object */;
			proxyType = 1;
			remoteGlobalIDString = 15EA4ADB1B98A9D7006CD602;
			remoteInfo = BinWatch;
		};
/* End PBXContainerItemProxy section */

/* Begin PBXFileReference section */
		1500ABC51B9ABAD200E0AF6C /* BWAnalyticsViewController.h */ = {isa = PBXFileReference; fileEncoding = 4; lastKnownFileType = sourcecode.c.h; path = BWAnalyticsViewController.h; sourceTree = "<group>"; };
		1500ABC61B9ABAD200E0AF6C /* BWAnalyticsViewController.m */ = {isa = PBXFileReference; fileEncoding = 4; lastKnownFileType = sourcecode.c.objc; path = BWAnalyticsViewController.m; sourceTree = "<group>"; };
		1500ABC71B9ABAD200E0AF6C /* BWBinLocatorViewController.h */ = {isa = PBXFileReference; fileEncoding = 4; lastKnownFileType = sourcecode.c.h; path = BWBinLocatorViewController.h; sourceTree = "<group>"; };
		1500ABC81B9ABAD200E0AF6C /* BWBinLocatorViewController.m */ = {isa = PBXFileReference; fileEncoding = 4; lastKnownFileType = sourcecode.c.objc; path = BWBinLocatorViewController.m; sourceTree = "<group>"; };
		1500ABC91B9ABAD200E0AF6C /* BWFillLevelsViewController.h */ = {isa = PBXFileReference; fileEncoding = 4; lastKnownFileType = sourcecode.c.h; path = BWFillLevelsViewController.h; sourceTree = "<group>"; };
		1500ABCA1B9ABAD200E0AF6C /* BWFillLevelsViewController.m */ = {isa = PBXFileReference; fileEncoding = 4; lastKnownFileType = sourcecode.c.objc; path = BWFillLevelsViewController.m; sourceTree = "<group>"; };
		1500ABCF1B9ABADB00E0AF6C /* DataHandler.h */ = {isa = PBXFileReference; fileEncoding = 4; lastKnownFileType = sourcecode.c.h; path = DataHandler.h; sourceTree = "<group>"; };
		1500ABD01B9ABADB00E0AF6C /* DataHandler.m */ = {isa = PBXFileReference; fileEncoding = 4; lastKnownFileType = sourcecode.c.objc; path = DataHandler.m; sourceTree = "<group>"; };
		15EA4ADC1B98A9D7006CD602 /* BinWatch.app */ = {isa = PBXFileReference; explicitFileType = wrapper.application; includeInIndex = 0; path = BinWatch.app; sourceTree = BUILT_PRODUCTS_DIR; };
		15EA4AE01B98A9D7006CD602 /* Info.plist */ = {isa = PBXFileReference; lastKnownFileType = text.plist.xml; path = Info.plist; sourceTree = "<group>"; };
		15EA4AE11B98A9D7006CD602 /* main.m */ = {isa = PBXFileReference; lastKnownFileType = sourcecode.c.objc; path = main.m; sourceTree = "<group>"; };
		15EA4AE31B98A9D7006CD602 /* AppDelegate.h */ = {isa = PBXFileReference; lastKnownFileType = sourcecode.c.h; path = AppDelegate.h; sourceTree = "<group>"; };
		15EA4AE41B98A9D7006CD602 /* AppDelegate.m */ = {isa = PBXFileReference; lastKnownFileType = sourcecode.c.objc; path = AppDelegate.m; sourceTree = "<group>"; };
		15EA4AED1B98A9D7006CD602 /* Base */ = {isa = PBXFileReference; lastKnownFileType = file.storyboard; name = Base; path = Base.lproj/Main.storyboard; sourceTree = "<group>"; };
		15EA4AEF1B98A9D7006CD602 /* Images.xcassets */ = {isa = PBXFileReference; lastKnownFileType = folder.assetcatalog; path = Images.xcassets; sourceTree = "<group>"; };
		15EA4AF21B98A9D7006CD602 /* Base */ = {isa = PBXFileReference; lastKnownFileType = file.xib; name = Base; path = Base.lproj/LaunchScreen.xib; sourceTree = "<group>"; };
		15EA4AF81B98A9D7006CD602 /* BinWatchTests.xctest */ = {isa = PBXFileReference; explicitFileType = wrapper.cfbundle; includeInIndex = 0; path = BinWatchTests.xctest; sourceTree = BUILT_PRODUCTS_DIR; };
		15EA4AFD1B98A9D7006CD602 /* Info.plist */ = {isa = PBXFileReference; lastKnownFileType = text.plist.xml; path = Info.plist; sourceTree = "<group>"; };
		15EA4AFE1B98A9D7006CD602 /* BinWatchTests.m */ = {isa = PBXFileReference; lastKnownFileType = sourcecode.c.objc; path = BinWatchTests.m; sourceTree = "<group>"; };
		F19AB6381B9BEB270084A879 /* BWBin.h */ = {isa = PBXFileReference; fileEncoding = 4; lastKnownFileType = sourcecode.c.h; path = BWBin.h; sourceTree = "<group>"; };
		F19AB6391B9BEB270084A879 /* BWBin.m */ = {isa = PBXFileReference; fileEncoding = 4; lastKnownFileType = sourcecode.c.objc; path = BWBin.m; sourceTree = "<group>"; };
		F19AB63A1B9BEB270084A879 /* BWBinCollection.h */ = {isa = PBXFileReference; fileEncoding = 4; lastKnownFileType = sourcecode.c.h; path = BWBinCollection.h; sourceTree = "<group>"; };
		F19AB63B1B9BEB270084A879 /* BWBinCollection.m */ = {isa = PBXFileReference; fileEncoding = 4; lastKnownFileType = sourcecode.c.objc; path = BWBinCollection.m; sourceTree = "<group>"; };
		F19AB63C1B9BEB270084A879 /* BWCommon.h */ = {isa = PBXFileReference; fileEncoding = 4; lastKnownFileType = sourcecode.c.h; path = BWCommon.h; sourceTree = "<group>"; };
		F19AB6441B9BF5E50084A879 /* ObjectParser.h */ = {isa = PBXFileReference; fileEncoding = 4; lastKnownFileType = sourcecode.c.h; path = ObjectParser.h; sourceTree = "<group>"; };
		F19AB6451B9BF5E50084A879 /* ObjectParser.m */ = {isa = PBXFileReference; fileEncoding = 4; lastKnownFileType = sourcecode.c.objc; path = ObjectParser.m; sourceTree = "<group>"; };
/* End PBXFileReference section */

/* Begin PBXFrameworksBuildPhase section */
		15EA4AD91B98A9D7006CD602 /* Frameworks */ = {
			isa = PBXFrameworksBuildPhase;
			buildActionMask = 2147483647;
			files = (
			);
			runOnlyForDeploymentPostprocessing = 0;
		};
		15EA4AF51B98A9D7006CD602 /* Frameworks */ = {
			isa = PBXFrameworksBuildPhase;
			buildActionMask = 2147483647;
			files = (
			);
			runOnlyForDeploymentPostprocessing = 0;
		};
/* End PBXFrameworksBuildPhase section */

/* Begin PBXGroup section */
		1500ABC41B9ABAD200E0AF6C /* ViewControllers */ = {
			isa = PBXGroup;
			children = (
				1500ABC51B9ABAD200E0AF6C /* BWAnalyticsViewController.h */,
				1500ABC61B9ABAD200E0AF6C /* BWAnalyticsViewController.m */,
				1500ABC71B9ABAD200E0AF6C /* BWBinLocatorViewController.h */,
				1500ABC81B9ABAD200E0AF6C /* BWBinLocatorViewController.m */,
				1500ABC91B9ABAD200E0AF6C /* BWFillLevelsViewController.h */,
				1500ABCA1B9ABAD200E0AF6C /* BWFillLevelsViewController.m */,
			);
			path = ViewControllers;
			sourceTree = "<group>";
		};
		1500ABCE1B9ABADB00E0AF6C /* DataHandler */ = {
			isa = PBXGroup;
			children = (
				1500ABCF1B9ABADB00E0AF6C /* DataHandler.h */,
				1500ABD01B9ABADB00E0AF6C /* DataHandler.m */,
				F19AB6441B9BF5E50084A879 /* ObjectParser.h */,
				F19AB6451B9BF5E50084A879 /* ObjectParser.m */,
			);
			path = DataHandler;
			sourceTree = "<group>";
		};
		15EA4AD31B98A9D7006CD602 = {
			isa = PBXGroup;
			children = (
				15EA4ADE1B98A9D7006CD602 /* BinWatch */,
				15EA4AFB1B98A9D7006CD602 /* BinWatchTests */,
				15EA4ADD1B98A9D7006CD602 /* Products */,
			);
			sourceTree = "<group>";
		};
		15EA4ADD1B98A9D7006CD602 /* Products */ = {
			isa = PBXGroup;
			children = (
				15EA4ADC1B98A9D7006CD602 /* BinWatch.app */,
				15EA4AF81B98A9D7006CD602 /* BinWatchTests.xctest */,
			);
			name = Products;
			sourceTree = "<group>";
		};
		15EA4ADE1B98A9D7006CD602 /* BinWatch */ = {
			isa = PBXGroup;
			children = (
				F19AB6381B9BEB270084A879 /* BWBin.h */,
				F19AB6391B9BEB270084A879 /* BWBin.m */,
				F19AB63A1B9BEB270084A879 /* BWBinCollection.h */,
				F19AB63B1B9BEB270084A879 /* BWBinCollection.m */,
				F19AB63C1B9BEB270084A879 /* BWCommon.h */,
				15EA4AE31B98A9D7006CD602 /* AppDelegate.h */,
				15EA4AE41B98A9D7006CD602 /* AppDelegate.m */,
				1500ABCE1B9ABADB00E0AF6C /* DataHandler */,
				1500ABC41B9ABAD200E0AF6C /* ViewControllers */,
				15EA4AEC1B98A9D7006CD602 /* Main.storyboard */,
				15EA4AEF1B98A9D7006CD602 /* Images.xcassets */,
				15EA4AF11B98A9D7006CD602 /* LaunchScreen.xib */,
				15EA4ADF1B98A9D7006CD602 /* Supporting Files */,
			);
			path = BinWatch;
			sourceTree = "<group>";
		};
		15EA4ADF1B98A9D7006CD602 /* Supporting Files */ = {
			isa = PBXGroup;
			children = (
				15EA4AE01B98A9D7006CD602 /* Info.plist */,
				15EA4AE11B98A9D7006CD602 /* main.m */,
			);
			name = "Supporting Files";
			sourceTree = "<group>";
		};
		15EA4AFB1B98A9D7006CD602 /* BinWatchTests */ = {
			isa = PBXGroup;
			children = (
				15EA4AFE1B98A9D7006CD602 /* BinWatchTests.m */,
				15EA4AFC1B98A9D7006CD602 /* Supporting Files */,
			);
			path = BinWatchTests;
			sourceTree = "<group>";
		};
		15EA4AFC1B98A9D7006CD602 /* Supporting Files */ = {
			isa = PBXGroup;
			children = (
				15EA4AFD1B98A9D7006CD602 /* Info.plist */,
			);
			name = "Supporting Files";
			sourceTree = "<group>";
		};
/* End PBXGroup section */

/* Begin PBXNativeTarget section */
		15EA4ADB1B98A9D7006CD602 /* BinWatch */ = {
			isa = PBXNativeTarget;
			buildConfigurationList = 15EA4B021B98A9D7006CD602 /* Build configuration list for PBXNativeTarget "BinWatch" */;
			buildPhases = (
				15EA4AD81B98A9D7006CD602 /* Sources */,
				15EA4AD91B98A9D7006CD602 /* Frameworks */,
				15EA4ADA1B98A9D7006CD602 /* Resources */,
			);
			buildRules = (
			);
			dependencies = (
			);
			name = BinWatch;
			productName = BinWatch;
			productReference = 15EA4ADC1B98A9D7006CD602 /* BinWatch.app */;
			productType = "com.apple.product-type.application";
		};
		15EA4AF71B98A9D7006CD602 /* BinWatchTests */ = {
			isa = PBXNativeTarget;
			buildConfigurationList = 15EA4B051B98A9D7006CD602 /* Build configuration list for PBXNativeTarget "BinWatchTests" */;
			buildPhases = (
				15EA4AF41B98A9D7006CD602 /* Sources */,
				15EA4AF51B98A9D7006CD602 /* Frameworks */,
				15EA4AF61B98A9D7006CD602 /* Resources */,
			);
			buildRules = (
			);
			dependencies = (
				15EA4AFA1B98A9D7006CD602 /* PBXTargetDependency */,
			);
			name = BinWatchTests;
			productName = BinWatchTests;
			productReference = 15EA4AF81B98A9D7006CD602 /* BinWatchTests.xctest */;
			productType = "com.apple.product-type.bundle.unit-test";
		};
/* End PBXNativeTarget section */

/* Begin PBXProject section */
		15EA4AD41B98A9D7006CD602 /* Project object */ = {
			isa = PBXProject;
			attributes = {
				LastUpgradeCheck = 0630;
				ORGANIZATIONNAME = Airwatch;
				TargetAttributes = {
					15EA4ADB1B98A9D7006CD602 = {
						CreatedOnToolsVersion = 6.3;
					};
					15EA4AF71B98A9D7006CD602 = {
						CreatedOnToolsVersion = 6.3;
						TestTargetID = 15EA4ADB1B98A9D7006CD602;
					};
				};
			};
			buildConfigurationList = 15EA4AD71B98A9D7006CD602 /* Build configuration list for PBXProject "BinWatch" */;
			compatibilityVersion = "Xcode 3.2";
			developmentRegion = English;
			hasScannedForEncodings = 0;
			knownRegions = (
				en,
				Base,
			);
			mainGroup = 15EA4AD31B98A9D7006CD602;
			productRefGroup = 15EA4ADD1B98A9D7006CD602 /* Products */;
			projectDirPath = "";
			projectRoot = "";
			targets = (
				15EA4ADB1B98A9D7006CD602 /* BinWatch */,
				15EA4AF71B98A9D7006CD602 /* BinWatchTests */,
			);
		};
/* End PBXProject section */

/* Begin PBXResourcesBuildPhase section */
		15EA4ADA1B98A9D7006CD602 /* Resources */ = {
			isa = PBXResourcesBuildPhase;
			buildActionMask = 2147483647;
			files = (
				15EA4AEE1B98A9D7006CD602 /* Main.storyboard in Resources */,
				15EA4AF31B98A9D7006CD602 /* LaunchScreen.xib in Resources */,
				15EA4AF01B98A9D7006CD602 /* Images.xcassets in Resources */,
			);
			runOnlyForDeploymentPostprocessing = 0;
		};
		15EA4AF61B98A9D7006CD602 /* Resources */ = {
			isa = PBXResourcesBuildPhase;
			buildActionMask = 2147483647;
			files = (
			);
			runOnlyForDeploymentPostprocessing = 0;
		};
/* End PBXResourcesBuildPhase section */

/* Begin PBXSourcesBuildPhase section */
		15EA4AD81B98A9D7006CD602 /* Sources */ = {
			isa = PBXSourcesBuildPhase;
			buildActionMask = 2147483647;
			files = (
				1500ABCD1B9ABAD200E0AF6C /* BWFillLevelsViewController.m in Sources */,
				1500ABCC1B9ABAD200E0AF6C /* BWBinLocatorViewController.m in Sources */,
				F19AB63E1B9BEB270084A879 /* BWBinCollection.m in Sources */,
				15EA4AE51B98A9D7006CD602 /* AppDelegate.m in Sources */,
				1500ABCB1B9ABAD200E0AF6C /* BWAnalyticsViewController.m in Sources */,
				F19AB63D1B9BEB270084A879 /* BWBin.m in Sources */,
				1500ABD11B9ABADB00E0AF6C /* DataHandler.m in Sources */,
				15EA4AE21B98A9D7006CD602 /* main.m in Sources */,
				F19AB6461B9BF5E50084A879 /* ObjectParser.m in Sources */,
			);
			runOnlyForDeploymentPostprocessing = 0;
		};
		15EA4AF41B98A9D7006CD602 /* Sources */ = {
			isa = PBXSourcesBuildPhase;
			buildActionMask = 2147483647;
			files = (
				15EA4AFF1B98A9D7006CD602 /* BinWatchTests.m in Sources */,
			);
			runOnlyForDeploymentPostprocessing = 0;
		};
/* End PBXSourcesBuildPhase section */

/* Begin PBXTargetDependency section */
		15EA4AFA1B98A9D7006CD602 /* PBXTargetDependency */ = {
			isa = PBXTargetDependency;
			target = 15EA4ADB1B98A9D7006CD602 /* BinWatch */;
			targetProxy = 15EA4AF91B98A9D7006CD602 /* PBXContainerItemProxy */;
		};
/* End PBXTargetDependency section */

/* Begin PBXVariantGroup section */
		15EA4AEC1B98A9D7006CD602 /* Main.storyboard */ = {
			isa = PBXVariantGroup;
			children = (
				15EA4AED1B98A9D7006CD602 /* Base */,
			);
			name = Main.storyboard;
			sourceTree = "<group>";
		};
		15EA4AF11B98A9D7006CD602 /* LaunchScreen.xib */ = {
			isa = PBXVariantGroup;
			children = (
				15EA4AF21B98A9D7006CD602 /* Base */,
			);
			name = LaunchScreen.xib;
			sourceTree = "<group>";
		};
/* End PBXVariantGroup section */

/* Begin XCBuildConfiguration section */
		15EA4B001B98A9D7006CD602 /* Debug */ = {
			isa = XCBuildConfiguration;
			buildSettings = {
				ALWAYS_SEARCH_USER_PATHS = NO;
				CLANG_CXX_LANGUAGE_STANDARD = "gnu++0x";
				CLANG_CXX_LIBRARY = "libc++";
				CLANG_ENABLE_MODULES = YES;
				CLANG_ENABLE_OBJC_ARC = YES;
				CLANG_WARN_BOOL_CONVERSION = YES;
				CLANG_WARN_CONSTANT_CONVERSION = YES;
				CLANG_WARN_DIRECT_OBJC_ISA_USAGE = YES_ERROR;
				CLANG_WARN_EMPTY_BODY = YES;
				CLANG_WARN_ENUM_CONVERSION = YES;
				CLANG_WARN_INT_CONVERSION = YES;
				CLANG_WARN_OBJC_ROOT_CLASS = YES_ERROR;
				CLANG_WARN_UNREACHABLE_CODE = YES;
				CLANG_WARN__DUPLICATE_METHOD_MATCH = YES;
				"CODE_SIGN_IDENTITY[sdk=iphoneos*]" = "iPhone Developer";
				COPY_PHASE_STRIP = NO;
				DEBUG_INFORMATION_FORMAT = "dwarf-with-dsym";
				ENABLE_STRICT_OBJC_MSGSEND = YES;
				GCC_C_LANGUAGE_STANDARD = gnu99;
				GCC_DYNAMIC_NO_PIC = NO;
				GCC_NO_COMMON_BLOCKS = YES;
				GCC_OPTIMIZATION_LEVEL = 0;
				GCC_PREPROCESSOR_DEFINITIONS = (
					"DEBUG=1",
					"$(inherited)",
				);
				GCC_SYMBOLS_PRIVATE_EXTERN = NO;
				GCC_WARN_64_TO_32_BIT_CONVERSION = YES;
				GCC_WARN_ABOUT_RETURN_TYPE = YES_ERROR;
				GCC_WARN_UNDECLARED_SELECTOR = YES;
				GCC_WARN_UNINITIALIZED_AUTOS = YES_AGGRESSIVE;
				GCC_WARN_UNUSED_FUNCTION = YES;
				GCC_WARN_UNUSED_VARIABLE = YES;
				IPHONEOS_DEPLOYMENT_TARGET = 8.3;
				MTL_ENABLE_DEBUG_INFO = YES;
				ONLY_ACTIVE_ARCH = YES;
				SDKROOT = iphoneos;
				TARGETED_DEVICE_FAMILY = "1,2";
			};
			name = Debug;
		};
		15EA4B011B98A9D7006CD602 /* Release */ = {
			isa = XCBuildConfiguration;
			buildSettings = {
				ALWAYS_SEARCH_USER_PATHS = NO;
				CLANG_CXX_LANGUAGE_STANDARD = "gnu++0x";
				CLANG_CXX_LIBRARY = "libc++";
				CLANG_ENABLE_MODULES = YES;
				CLANG_ENABLE_OBJC_ARC = YES;
				CLANG_WARN_BOOL_CONVERSION = YES;
				CLANG_WARN_CONSTANT_CONVERSION = YES;
				CLANG_WARN_DIRECT_OBJC_ISA_USAGE = YES_ERROR;
				CLANG_WARN_EMPTY_BODY = YES;
				CLANG_WARN_ENUM_CONVERSION = YES;
				CLANG_WARN_INT_CONVERSION = YES;
				CLANG_WARN_OBJC_ROOT_CLASS = YES_ERROR;
				CLANG_WARN_UNREACHABLE_CODE = YES;
				CLANG_WARN__DUPLICATE_METHOD_MATCH = YES;
				"CODE_SIGN_IDENTITY[sdk=iphoneos*]" = "iPhone Developer";
				COPY_PHASE_STRIP = NO;
				DEBUG_INFORMATION_FORMAT = "dwarf-with-dsym";
				ENABLE_NS_ASSERTIONS = NO;
				ENABLE_STRICT_OBJC_MSGSEND = YES;
				GCC_C_LANGUAGE_STANDARD = gnu99;
				GCC_NO_COMMON_BLOCKS = YES;
				GCC_WARN_64_TO_32_BIT_CONVERSION = YES;
				GCC_WARN_ABOUT_RETURN_TYPE = YES_ERROR;
				GCC_WARN_UNDECLARED_SELECTOR = YES;
				GCC_WARN_UNINITIALIZED_AUTOS = YES_AGGRESSIVE;
				GCC_WARN_UNUSED_FUNCTION = YES;
				GCC_WARN_UNUSED_VARIABLE = YES;
				IPHONEOS_DEPLOYMENT_TARGET = 8.3;
				MTL_ENABLE_DEBUG_INFO = NO;
				SDKROOT = iphoneos;
				TARGETED_DEVICE_FAMILY = "1,2";
				VALIDATE_PRODUCT = YES;
			};
			name = Release;
		};
		15EA4B031B98A9D7006CD602 /* Debug */ = {
			isa = XCBuildConfiguration;
			buildSettings = {
				ASSETCATALOG_COMPILER_APPICON_NAME = AppIcon;
				INFOPLIST_FILE = BinWatch/Info.plist;
				LD_RUNPATH_SEARCH_PATHS = "$(inherited) @executable_path/Frameworks";
				PRODUCT_NAME = "$(TARGET_NAME)";
			};
			name = Debug;
		};
		15EA4B041B98A9D7006CD602 /* Release */ = {
			isa = XCBuildConfiguration;
			buildSettings = {
				ASSETCATALOG_COMPILER_APPICON_NAME = AppIcon;
				INFOPLIST_FILE = BinWatch/Info.plist;
				LD_RUNPATH_SEARCH_PATHS = "$(inherited) @executable_path/Frameworks";
				PRODUCT_NAME = "$(TARGET_NAME)";
			};
			name = Release;
		};
		15EA4B061B98A9D7006CD602 /* Debug */ = {
			isa = XCBuildConfiguration;
			buildSettings = {
				BUNDLE_LOADER = "$(TEST_HOST)";
				FRAMEWORK_SEARCH_PATHS = (
					"$(SDKROOT)/Developer/Library/Frameworks",
					"$(inherited)",
				);
				GCC_PREPROCESSOR_DEFINITIONS = (
					"DEBUG=1",
					"$(inherited)",
				);
				INFOPLIST_FILE = BinWatchTests/Info.plist;
				LD_RUNPATH_SEARCH_PATHS = "$(inherited) @executable_path/Frameworks @loader_path/Frameworks";
				PRODUCT_NAME = "$(TARGET_NAME)";
				TEST_HOST = "$(BUILT_PRODUCTS_DIR)/BinWatch.app/BinWatch";
			};
			name = Debug;
		};
		15EA4B071B98A9D7006CD602 /* Release */ = {
			isa = XCBuildConfiguration;
			buildSettings = {
				BUNDLE_LOADER = "$(TEST_HOST)";
				FRAMEWORK_SEARCH_PATHS = (
					"$(SDKROOT)/Developer/Library/Frameworks",
					"$(inherited)",
				);
				INFOPLIST_FILE = BinWatchTests/Info.plist;
				LD_RUNPATH_SEARCH_PATHS = "$(inherited) @executable_path/Frameworks @loader_path/Frameworks";
				PRODUCT_NAME = "$(TARGET_NAME)";
				TEST_HOST = "$(BUILT_PRODUCTS_DIR)/BinWatch.app/BinWatch";
			};
			name = Release;
		};
/* End XCBuildConfiguration section */

/* Begin XCConfigurationList section */
		15EA4AD71B98A9D7006CD602 /* Build configuration list for PBXProject "BinWatch" */ = {
			isa = XCConfigurationList;
			buildConfigurations = (
				15EA4B001B98A9D7006CD602 /* Debug */,
				15EA4B011B98A9D7006CD602 /* Release */,
			);
			defaultConfigurationIsVisible = 0;
			defaultConfigurationName = Release;
		};
		15EA4B021B98A9D7006CD602 /* Build configuration list for PBXNativeTarget "BinWatch" */ = {
			isa = XCConfigurationList;
			buildConfigurations = (
				15EA4B031B98A9D7006CD602 /* Debug */,
				15EA4B041B98A9D7006CD602 /* Release */,
			);
			defaultConfigurationIsVisible = 0;
			defaultConfigurationName = Release;
		};
		15EA4B051B98A9D7006CD602 /* Build configuration list for PBXNativeTarget "BinWatchTests" */ = {
			isa = XCConfigurationList;
			buildConfigurations = (
				15EA4B061B98A9D7006CD602 /* Debug */,
				15EA4B071B98A9D7006CD602 /* Release */,
			);
			defaultConfigurationIsVisible = 0;
			defaultConfigurationName = Release;
		};
/* End XCConfigurationList section */
	};
	rootObject = 15EA4AD41B98A9D7006CD602 /* Project object */;
}
